PODS:
  - UITableViewDynamicLayoutCacheHeight (1.0.0)

DEPENDENCIES:
  - UITableViewDynamicLayoutCacheHeight (from `../UITableViewDynamicLayoutCacheHeight/`)

EXTERNAL SOURCES:
  UITableViewDynamicLayoutCacheHeight:
    :path: "../UITableViewDynamicLayoutCacheHeight/"

SPEC CHECKSUMS:
  UITableViewDynamicLayoutCacheHeight: 6ae8f38d8b280df1b9295934435d01228f64e7f3

PODFILE CHECKSUM: d54dd3dafb8042c3e3ac0d6e96fc3d11879252c0

COCOAPODS: 1.8.3
