// !$*UTF8*$!
{
	archiveVersion = 1;
	classes = {
	};
	objectVersion = 46;
	objects = {

/* Begin PBXBuildFile section */
		313300C71F5462CF001D6552 /* BMXibHeader.m in Sources */ = {isa = PBXBuildFile; fileRef = 313300C61F5462CF001D6552 /* BMXibHeader.m */; };
		3159AECC1F4C8BEF003FAF19 /* BMModel.m in Sources */ = {isa = PBXBuildFile; fileRef = 3159AECB1F4C8BEF003FAF19 /* BMModel.m */; };
		3159AED01F4C8C00003FAF19 /* BMXibCellVC.m in Sources */ = {isa = PBXBuildFile; fileRef = 3159AECE1F4C8C00003FAF19 /* BMXibCellVC.m */; };
		3159AED11F4C8C00003FAF19 /* BMXibCellVC.xib in Resources */ = {isa = PBXBuildFile; fileRef = 3159AECF1F4C8C00003FAF19 /* BMXibCellVC.xib */; };
		3159AED51F4C8CB2003FAF19 /* BMCell.m in Sources */ = {isa = PBXBuildFile; fileRef = 3159AED21F4C8CB2003FAF19 /* BMCell.m */; };
		3159AED61F4C8CB2003FAF19 /* BMCell.xib in Resources */ = {isa = PBXBuildFile; fileRef = 3159AED41F4C8CB2003FAF19 /* BMCell.xib */; };
		316329771F599D000059B434 /* 1.jpg in Resources */ = {isa = PBXBuildFile; fileRef = 3163296F1F599D000059B434 /* 1.jpg */; };
		316329781F599D000059B434 /* 2.jpg in Resources */ = {isa = PBXBuildFile; fileRef = 316329701F599D000059B434 /* 2.jpg */; };
		316329791F599D000059B434 /* 3.jpg in Resources */ = {isa = PBXBuildFile; fileRef = 316329711F599D000059B434 /* 3.jpg */; };
		3163297A1F599D000059B434 /* 4.jpg in Resources */ = {isa = PBXBuildFile; fileRef = 316329721F599D000059B434 /* 4.jpg */; };
		3163297B1F599D000059B434 /* 5.jpg in Resources */ = {isa = PBXBuildFile; fileRef = 316329731F599D000059B434 /* 5.jpg */; };
		3163297C1F599D000059B434 /* 6.jpg in Resources */ = {isa = PBXBuildFile; fileRef = 316329741F599D000059B434 /* 6.jpg */; };
		3163297D1F599D000059B434 /* 7.jpg in Resources */ = {isa = PBXBuildFile; fileRef = 316329751F599D000059B434 /* 7.jpg */; };
		3163297E1F599D000059B434 /* 8.jpg in Resources */ = {isa = PBXBuildFile; fileRef = 316329761F599D000059B434 /* 8.jpg */; };
		316329851F59A0320059B434 /* 1.png in Resources */ = {isa = PBXBuildFile; fileRef = 3163297F1F59A0320059B434 /* 1.png */; };
		316329861F59A0320059B434 /* 2.png in Resources */ = {isa = PBXBuildFile; fileRef = 316329801F59A0320059B434 /* 2.png */; };
		316329871F59A0320059B434 /* 3.png in Resources */ = {isa = PBXBuildFile; fileRef = 316329811F59A0320059B434 /* 3.png */; };
		316329881F59A0320059B434 /* 4.png in Resources */ = {isa = PBXBuildFile; fileRef = 316329821F59A0320059B434 /* 4.png */; };
		316329891F59A0320059B434 /* 5.png in Resources */ = {isa = PBXBuildFile; fileRef = 316329831F59A0320059B434 /* 5.png */; };
		3163298A1F59A0320059B434 /* 6.png in Resources */ = {isa = PBXBuildFile; fileRef = 316329841F59A0320059B434 /* 6.png */; };
		31661F6C1F434A00004E4750 /* BMTemplateLayoutCell.podspec in Resources */ = {isa = PBXBuildFile; fileRef = 31661F641F434A00004E4750 /* BMTemplateLayoutCell.podspec */; };
		31661F6D1F434A00004E4750 /* LICENSE in Resources */ = {isa = PBXBuildFile; fileRef = 31661F651F434A00004E4750 /* LICENSE */; };
		31661F6E1F434A00004E4750 /* README.md in Sources */ = {isa = PBXBuildFile; fileRef = 31661F661F434A00004E4750 /* README.md */; };
		31DC9A681F41E6730045BAED /* UITableView+BMTemplateLayoutCell.m in Sources */ = {isa = PBXBuildFile; fileRef = 31DC9A651F41E6730045BAED /* UITableView+BMTemplateLayoutCell.m */; };
		31DC9A6C1F41EBF20045BAED /* UITableViewCell+BMReusable.m in Sources */ = {isa = PBXBuildFile; fileRef = 31DC9A6B1F41EBF20045BAED /* UITableViewCell+BMReusable.m */; };
		3259ABD01F41571800B250DA /* Main.storyboard in Resources */ = {isa = PBXBuildFile; fileRef = 3259ABCE1F41571800B250DA /* Main.storyboard */; };
		3259ABD21F41571800B250DA /* Assets.xcassets in Resources */ = {isa = PBXBuildFile; fileRef = 3259ABD11F41571800B250DA /* Assets.xcassets */; };
		3259ABD51F41571800B250DA /* LaunchScreen.storyboard in Resources */ = {isa = PBXBuildFile; fileRef = 3259ABD31F41571800B250DA /* LaunchScreen.storyboard */; };
		3259ABE01F41571800B250DA /* BMTemplateLayoutCellDemoTests.m in Sources */ = {isa = PBXBuildFile; fileRef = 3259ABDF1F41571800B250DA /* BMTemplateLayoutCellDemoTests.m */; };
		3259ABEB1F41571800B250DA /* BMTemplateLayoutCellDemoUITests.m in Sources */ = {isa = PBXBuildFile; fileRef = 3259ABEA1F41571800B250DA /* BMTemplateLayoutCellDemoUITests.m */; };
		32A243CE1F501FF200224A43 /* BMRootVC.m in Sources */ = {isa = PBXBuildFile; fileRef = 32A243C91F501FF200224A43 /* BMRootVC.m */; };
		32A243CF1F501FF200224A43 /* BMRootVC.xib in Resources */ = {isa = PBXBuildFile; fileRef = 32A243CA1F501FF200224A43 /* BMRootVC.xib */; };
		32A243D01F501FF200224A43 /* BMSettingModel.m in Sources */ = {isa = PBXBuildFile; fileRef = 32A243CD1F501FF200224A43 /* BMSettingModel.m */; };
		32A243DE1F50207000224A43 /* BMMasonryHeaderFooterVC.m in Sources */ = {isa = PBXBuildFile; fileRef = 32A243DC1F50207000224A43 /* BMMasonryHeaderFooterVC.m */; };
		32A243DF1F50207000224A43 /* BMMasonryHeaderFooterVC.xib in Resources */ = {isa = PBXBuildFile; fileRef = 32A243DD1F50207000224A43 /* BMMasonryHeaderFooterVC.xib */; };
		32A243E21F50218E00224A43 /* BMMasonryTableViewHeaderView.m in Sources */ = {isa = PBXBuildFile; fileRef = 32A243E11F50218E00224A43 /* BMMasonryTableViewHeaderView.m */; };
		32A243EA1F50246D00224A43 /* BMXibHeaderFooterVC.m in Sources */ = {isa = PBXBuildFile; fileRef = 32A243E81F50246D00224A43 /* BMXibHeaderFooterVC.m */; };
		32A243EB1F50246D00224A43 /* BMXibHeaderFooterVC.xib in Resources */ = {isa = PBXBuildFile; fileRef = 32A243E91F50246D00224A43 /* BMXibHeaderFooterVC.xib */; };
		32B095BC1F41577F0076096D /* AppDelegate.m in Sources */ = {isa = PBXBuildFile; fileRef = 32B095B61F41577F0076096D /* AppDelegate.m */; };
		32B095BD1F41577F0076096D /* main.m in Sources */ = {isa = PBXBuildFile; fileRef = 32B095B71F41577F0076096D /* main.m */; };
		32B096141F4157F40076096D /* UIView+BMExtension.m in Sources */ = {isa = PBXBuildFile; fileRef = 32B096121F4157F40076096D /* UIView+BMExtension.m */; };
		32B096771F41584C0076096D /* UIScrollView+BMExtension.m in Sources */ = {isa = PBXBuildFile; fileRef = 32B096761F41584C0076096D /* UIScrollView+BMExtension.m */; };
		32B096AA1F4159DC0076096D /* MASCompositeConstraint.m in Sources */ = {isa = PBXBuildFile; fileRef = 32B0968D1F4159DC0076096D /* MASCompositeConstraint.m */; };
		32B096AB1F4159DC0076096D /* MASConstraint.m in Sources */ = {isa = PBXBuildFile; fileRef = 32B096901F4159DC0076096D /* MASConstraint.m */; };
		32B096AC1F4159DC0076096D /* MASConstraintMaker.m in Sources */ = {isa = PBXBuildFile; fileRef = 32B096921F4159DC0076096D /* MASConstraintMaker.m */; };
		32B096AD1F4159DC0076096D /* MASLayoutConstraint.m in Sources */ = {isa = PBXBuildFile; fileRef = 32B096941F4159DC0076096D /* MASLayoutConstraint.m */; };
		32B096AE1F4159DC0076096D /* MASViewAttribute.m in Sources */ = {isa = PBXBuildFile; fileRef = 32B096981F4159DC0076096D /* MASViewAttribute.m */; };
		32B096AF1F4159DC0076096D /* MASViewConstraint.m in Sources */ = {isa = PBXBuildFile; fileRef = 32B0969A1F4159DC0076096D /* MASViewConstraint.m */; };
		32B096B01F4159DC0076096D /* NSArray+MASAdditions.m in Sources */ = {isa = PBXBuildFile; fileRef = 32B0969C1F4159DC0076096D /* NSArray+MASAdditions.m */; };
		32B096B11F4159DC0076096D /* NSLayoutConstraint+MASDebugAdditions.m in Sources */ = {isa = PBXBuildFile; fileRef = 32B0969F1F4159DC0076096D /* NSLayoutConstraint+MASDebugAdditions.m */; };
		32B096B21F4159DC0076096D /* View+MASAdditions.m in Sources */ = {isa = PBXBuildFile; fileRef = 32B096A11F4159DC0076096D /* View+MASAdditions.m */; };
		32B096B31F4159DC0076096D /* ViewController+MASAdditions.m in Sources */ = {isa = PBXBuildFile; fileRef = 32B096A41F4159DC0076096D /* ViewController+MASAdditions.m */; };
		32B096B41F4159DC0076096D /* XXNibBridge.m in Sources */ = {isa = PBXBuildFile; fileRef = 32B096A71F4159DC0076096D /* XXNibBridge.m */; };
		32B096B51F4159DC0076096D /* XXNibConvention.m in Sources */ = {isa = PBXBuildFile; fileRef = 32B096A91F4159DC0076096D /* XXNibConvention.m */; };
		32C12C641F5415A2004D9700 /* BMMasonryView.xib in Resources */ = {isa = PBXBuildFile; fileRef = 32C12C5F1F5415A2004D9700 /* BMMasonryView.xib */; };
		32C12C681F541A65004D9700 /* UITableViewHeaderFooterView+BMReusable.m in Sources */ = {isa = PBXBuildFile; fileRef = 32C12C671F541A65004D9700 /* UITableViewHeaderFooterView+BMReusable.m */; };
		32F6EF261F4EA64900CD60AB /* BMMasonryCellVC.m in Sources */ = {isa = PBXBuildFile; fileRef = 32F6EF241F4EA64900CD60AB /* BMMasonryCellVC.m */; };
		32F6EF271F4EA64900CD60AB /* BMMasonryCellVC.xib in Resources */ = {isa = PBXBuildFile; fileRef = 32F6EF251F4EA64900CD60AB /* BMMasonryCellVC.xib */; };
		32F6EF2B1F4EA65F00CD60AB /* BMMasonryCell.m in Sources */ = {isa = PBXBuildFile; fileRef = 32F6EF291F4EA65F00CD60AB /* BMMasonryCell.m */; };
/* End PBXBuildFile section */

/* Begin PBXContainerItemProxy section */
		3259ABDC1F41571800B250DA /* PBXContainerItemProxy */ = {
			isa = PBXContainerItemProxy;
			containerPortal = 3259ABBA1F41571800B250DA /* Project object */;
			proxyType = 1;
			remoteGlobalIDString = 3259ABC11F41571800B250DA;
			remoteInfo = BMTemplateLayoutCellDemo;
		};
		3259ABE71F41571800B250DA /* PBXContainerItemProxy */ = {
			isa = PBXContainerItemProxy;
			containerPortal = 3259ABBA1F41571800B250DA /* Project object */;
			proxyType = 1;
			remoteGlobalIDString = 3259ABC11F41571800B250DA;
			remoteInfo = BMTemplateLayoutCellDemo;
		};
/* End PBXContainerItemProxy section */

/* Begin PBXFileReference section */
		313300C51F5462CF001D6552 /* BMXibHeader.h */ = {isa = PBXFileReference; fileEncoding = 4; lastKnownFileType = sourcecode.c.h; path = BMXibHeader.h; sourceTree = "<group>"; };
		313300C61F5462CF001D6552 /* BMXibHeader.m */ = {isa = PBXFileReference; fileEncoding = 4; lastKnownFileType = sourcecode.c.objc; path = BMXibHeader.m; sourceTree = "<group>"; };
		3159AECA1F4C8BEF003FAF19 /* BMModel.h */ = {isa = PBXFileReference; fileEncoding = 4; lastKnownFileType = sourcecode.c.h; path = BMModel.h; sourceTree = "<group>"; };
		3159AECB1F4C8BEF003FAF19 /* BMModel.m */ = {isa = PBXFileReference; fileEncoding = 4; lastKnownFileType = sourcecode.c.objc; path = BMModel.m; sourceTree = "<group>"; };
		3159AECD1F4C8C00003FAF19 /* BMXibCellVC.h */ = {isa = PBXFileReference; fileEncoding = 4; lastKnownFileType = sourcecode.c.h; path = BMXibCellVC.h; sourceTree = "<group>"; };
		3159AECE1F4C8C00003FAF19 /* BMXibCellVC.m */ = {isa = PBXFileReference; fileEncoding = 4; lastKnownFileType = sourcecode.c.objc; path = BMXibCellVC.m; sourceTree = "<group>"; };
		3159AECF1F4C8C00003FAF19 /* BMXibCellVC.xib */ = {isa = PBXFileReference; fileEncoding = 4; lastKnownFileType = file.xib; path = BMXibCellVC.xib; sourceTree = "<group>"; };
		3159AED21F4C8CB2003FAF19 /* BMCell.m */ = {isa = PBXFileReference; fileEncoding = 4; lastKnownFileType = sourcecode.c.objc; path = BMCell.m; sourceTree = "<group>"; };
		3159AED31F4C8CB2003FAF19 /* BMCell.h */ = {isa = PBXFileReference; fileEncoding = 4; lastKnownFileType = sourcecode.c.h; path = BMCell.h; sourceTree = "<group>"; };
		3159AED41F4C8CB2003FAF19 /* BMCell.xib */ = {isa = PBXFileReference; fileEncoding = 4; lastKnownFileType = file.xib; path = BMCell.xib; sourceTree = "<group>"; };
		3163296F1F599D000059B434 /* 1.jpg */ = {isa = PBXFileReference; lastKnownFileType = image.jpeg; path = 1.jpg; sourceTree = "<group>"; };
		316329701F599D000059B434 /* 2.jpg */ = {isa = PBXFileReference; lastKnownFileType = image.jpeg; path = 2.jpg; sourceTree = "<group>"; };
		316329711F599D000059B434 /* 3.jpg */ = {isa = PBXFileReference; lastKnownFileType = image.jpeg; path = 3.jpg; sourceTree = "<group>"; };
		316329721F599D000059B434 /* 4.jpg */ = {isa = PBXFileReference; lastKnownFileType = image.jpeg; path = 4.jpg; sourceTree = "<group>"; };
		316329731F599D000059B434 /* 5.jpg */ = {isa = PBXFileReference; lastKnownFileType = image.jpeg; path = 5.jpg; sourceTree = "<group>"; };
		316329741F599D000059B434 /* 6.jpg */ = {isa = PBXFileReference; lastKnownFileType = image.jpeg; path = 6.jpg; sourceTree = "<group>"; };
		316329751F599D000059B434 /* 7.jpg */ = {isa = PBXFileReference; lastKnownFileType = image.jpeg; path = 7.jpg; sourceTree = "<group>"; };
		316329761F599D000059B434 /* 8.jpg */ = {isa = PBXFileReference; lastKnownFileType = image.jpeg; path = 8.jpg; sourceTree = "<group>"; };
		3163297F1F59A0320059B434 /* 1.png */ = {isa = PBXFileReference; lastKnownFileType = image.png; path = 1.png; sourceTree = "<group>"; };
		316329801F59A0320059B434 /* 2.png */ = {isa = PBXFileReference; lastKnownFileType = image.png; path = 2.png; sourceTree = "<group>"; };
		316329811F59A0320059B434 /* 3.png */ = {isa = PBXFileReference; lastKnownFileType = image.png; path = 3.png; sourceTree = "<group>"; };
		316329821F59A0320059B434 /* 4.png */ = {isa = PBXFileReference; lastKnownFileType = image.png; path = 4.png; sourceTree = "<group>"; };
		316329831F59A0320059B434 /* 5.png */ = {isa = PBXFileReference; lastKnownFileType = image.png; path = 5.png; sourceTree = "<group>"; };
		316329841F59A0320059B434 /* 6.png */ = {isa = PBXFileReference; lastKnownFileType = image.png; path = 6.png; sourceTree = "<group>"; };
		31661F641F434A00004E4750 /* BMTemplateLayoutCell.podspec */ = {isa = PBXFileReference; fileEncoding = 4; lastKnownFileType = text; name = BMTemplateLayoutCell.podspec; path = ../BMTemplateLayoutCell.podspec; sourceTree = "<group>"; };
		31661F651F434A00004E4750 /* LICENSE */ = {isa = PBXFileReference; fileEncoding = 4; lastKnownFileType = text; name = LICENSE; path = ../LICENSE; sourceTree = "<group>"; };
		31661F661F434A00004E4750 /* README.md */ = {isa = PBXFileReference; fileEncoding = 4; lastKnownFileType = net.daringfireball.markdown; name = README.md; path = ../README.md; sourceTree = "<group>"; };
		31DC9A641F41E6730045BAED /* UITableView+BMTemplateLayoutCell.h */ = {isa = PBXFileReference; fileEncoding = 4; lastKnownFileType = sourcecode.c.h; path = "UITableView+BMTemplateLayoutCell.h"; sourceTree = "<group>"; };
		31DC9A651F41E6730045BAED /* UITableView+BMTemplateLayoutCell.m */ = {isa = PBXFileReference; fileEncoding = 4; lastKnownFileType = sourcecode.c.objc; path = "UITableView+BMTemplateLayoutCell.m"; sourceTree = "<group>"; };
		31DC9A6A1F41EBF20045BAED /* UITableViewCell+BMReusable.h */ = {isa = PBXFileReference; fileEncoding = 4; lastKnownFileType = sourcecode.c.h; path = "UITableViewCell+BMReusable.h"; sourceTree = "<group>"; };
		31DC9A6B1F41EBF20045BAED /* UITableViewCell+BMReusable.m */ = {isa = PBXFileReference; fileEncoding = 4; lastKnownFileType = sourcecode.c.objc; path = "UITableViewCell+BMReusable.m"; sourceTree = "<group>"; };
		3259ABC21F41571800B250DA /* BMTemplateLayoutCellDemo.app */ = {isa = PBXFileReference; explicitFileType = wrapper.application; includeInIndex = 0; path = BMTemplateLayoutCellDemo.app; sourceTree = BUILT_PRODUCTS_DIR; };
		3259ABCF1F41571800B250DA /* Base */ = {isa = PBXFileReference; lastKnownFileType = file.storyboard; name = Base; path = Base.lproj/Main.storyboard; sourceTree = "<group>"; };
		3259ABD11F41571800B250DA /* Assets.xcassets */ = {isa = PBXFileReference; lastKnownFileType = folder.assetcatalog; path = Assets.xcassets; sourceTree = "<group>"; };
		3259ABD41F41571800B250DA /* Base */ = {isa = PBXFileReference; lastKnownFileType = file.storyboard; name = Base; path = Base.lproj/LaunchScreen.storyboard; sourceTree = "<group>"; };
		3259ABD61F41571800B250DA /* Info.plist */ = {isa = PBXFileReference; lastKnownFileType = text.plist.xml; path = Info.plist; sourceTree = "<group>"; };
		3259ABDB1F41571800B250DA /* BMTemplateLayoutCellDemoTests.xctest */ = {isa = PBXFileReference; explicitFileType = wrapper.cfbundle; includeInIndex = 0; path = BMTemplateLayoutCellDemoTests.xctest; sourceTree = BUILT_PRODUCTS_DIR; };
		3259ABDF1F41571800B250DA /* BMTemplateLayoutCellDemoTests.m */ = {isa = PBXFileReference; lastKnownFileType = sourcecode.c.objc; path = BMTemplateLayoutCellDemoTests.m; sourceTree = "<group>"; };
		3259ABE11F41571800B250DA /* Info.plist */ = {isa = PBXFileReference; lastKnownFileType = text.plist.xml; path = Info.plist; sourceTree = "<group>"; };
		3259ABE61F41571800B250DA /* BMTemplateLayoutCellDemoUITests.xctest */ = {isa = PBXFileReference; explicitFileType = wrapper.cfbundle; includeInIndex = 0; path = BMTemplateLayoutCellDemoUITests.xctest; sourceTree = BUILT_PRODUCTS_DIR; };
		3259ABEA1F41571800B250DA /* BMTemplateLayoutCellDemoUITests.m */ = {isa = PBXFileReference; lastKnownFileType = sourcecode.c.objc; path = BMTemplateLayoutCellDemoUITests.m; sourceTree = "<group>"; };
		3259ABEC1F41571800B250DA /* Info.plist */ = {isa = PBXFileReference; lastKnownFileType = text.plist.xml; path = Info.plist; sourceTree = "<group>"; };
		32A243C81F501FF200224A43 /* BMRootVC.h */ = {isa = PBXFileReference; fileEncoding = 4; lastKnownFileType = sourcecode.c.h; path = BMRootVC.h; sourceTree = "<group>"; };
		32A243C91F501FF200224A43 /* BMRootVC.m */ = {isa = PBXFileReference; fileEncoding = 4; lastKnownFileType = sourcecode.c.objc; path = BMRootVC.m; sourceTree = "<group>"; };
		32A243CA1F501FF200224A43 /* BMRootVC.xib */ = {isa = PBXFileReference; fileEncoding = 4; lastKnownFileType = file.xib; path = BMRootVC.xib; sourceTree = "<group>"; };
		32A243CC1F501FF200224A43 /* BMSettingModel.h */ = {isa = PBXFileReference; fileEncoding = 4; lastKnownFileType = sourcecode.c.h; path = BMSettingModel.h; sourceTree = "<group>"; };
		32A243CD1F501FF200224A43 /* BMSettingModel.m */ = {isa = PBXFileReference; fileEncoding = 4; lastKnownFileType = sourcecode.c.objc; path = BMSettingModel.m; sourceTree = "<group>"; };
		32A243DB1F50207000224A43 /* BMMasonryHeaderFooterVC.h */ = {isa = PBXFileReference; fileEncoding = 4; lastKnownFileType = sourcecode.c.h; path = BMMasonryHeaderFooterVC.h; sourceTree = "<group>"; };
		32A243DC1F50207000224A43 /* BMMasonryHeaderFooterVC.m */ = {isa = PBXFileReference; fileEncoding = 4; lastKnownFileType = sourcecode.c.objc; path = BMMasonryHeaderFooterVC.m; sourceTree = "<group>"; };
		32A243DD1F50207000224A43 /* BMMasonryHeaderFooterVC.xib */ = {isa = PBXFileReference; fileEncoding = 4; lastKnownFileType = file.xib; path = BMMasonryHeaderFooterVC.xib; sourceTree = "<group>"; };
		32A243E01F50218E00224A43 /* BMMasonryTableViewHeaderView.h */ = {isa = PBXFileReference; fileEncoding = 4; lastKnownFileType = sourcecode.c.h; path = BMMasonryTableViewHeaderView.h; sourceTree = "<group>"; };
		32A243E11F50218E00224A43 /* BMMasonryTableViewHeaderView.m */ = {isa = PBXFileReference; fileEncoding = 4; lastKnownFileType = sourcecode.c.objc; path = BMMasonryTableViewHeaderView.m; sourceTree = "<group>"; };
		32A243E71F50246D00224A43 /* BMXibHeaderFooterVC.h */ = {isa = PBXFileReference; fileEncoding = 4; lastKnownFileType = sourcecode.c.h; path = BMXibHeaderFooterVC.h; sourceTree = "<group>"; };
		32A243E81F50246D00224A43 /* BMXibHeaderFooterVC.m */ = {isa = PBXFileReference; fileEncoding = 4; lastKnownFileType = sourcecode.c.objc; path = BMXibHeaderFooterVC.m; sourceTree = "<group>"; };
		32A243E91F50246D00224A43 /* BMXibHeaderFooterVC.xib */ = {isa = PBXFileReference; fileEncoding = 4; lastKnownFileType = file.xib; path = BMXibHeaderFooterVC.xib; sourceTree = "<group>"; };
		32B095B51F41577F0076096D /* AppDelegate.h */ = {isa = PBXFileReference; fileEncoding = 4; lastKnownFileType = sourcecode.c.h; path = AppDelegate.h; sourceTree = "<group>"; };
		32B095B61F41577F0076096D /* AppDelegate.m */ = {isa = PBXFileReference; fileEncoding = 4; lastKnownFileType = sourcecode.c.objc; path = AppDelegate.m; sourceTree = "<group>"; };
		32B095B71F41577F0076096D /* main.m */ = {isa = PBXFileReference; fileEncoding = 4; lastKnownFileType = sourcecode.c.objc; path = main.m; sourceTree = "<group>"; };
		32B096111F4157F40076096D /* UIView+BMExtension.h */ = {isa = PBXFileReference; fileEncoding = 4; lastKnownFileType = sourcecode.c.h; path = "UIView+BMExtension.h"; sourceTree = "<group>"; };
		32B096121F4157F40076096D /* UIView+BMExtension.m */ = {isa = PBXFileReference; fileEncoding = 4; lastKnownFileType = sourcecode.c.objc; path = "UIView+BMExtension.m"; sourceTree = "<group>"; };
		32B096751F41584C0076096D /* UIScrollView+BMExtension.h */ = {isa = PBXFileReference; fileEncoding = 4; lastKnownFileType = sourcecode.c.h; path = "UIScrollView+BMExtension.h"; sourceTree = "<group>"; };
		32B096761F41584C0076096D /* UIScrollView+BMExtension.m */ = {isa = PBXFileReference; fileEncoding = 4; lastKnownFileType = sourcecode.c.objc; path = "UIScrollView+BMExtension.m"; sourceTree = "<group>"; };
		32B0968C1F4159DC0076096D /* MASCompositeConstraint.h */ = {isa = PBXFileReference; fileEncoding = 4; lastKnownFileType = sourcecode.c.h; path = MASCompositeConstraint.h; sourceTree = "<group>"; };
		32B0968D1F4159DC0076096D /* MASCompositeConstraint.m */ = {isa = PBXFileReference; fileEncoding = 4; lastKnownFileType = sourcecode.c.objc; path = MASCompositeConstraint.m; sourceTree = "<group>"; };
		32B0968E1F4159DC0076096D /* MASConstraint+Private.h */ = {isa = PBXFileReference; fileEncoding = 4; lastKnownFileType = sourcecode.c.h; path = "MASConstraint+Private.h"; sourceTree = "<group>"; };
		32B0968F1F4159DC0076096D /* MASConstraint.h */ = {isa = PBXFileReference; fileEncoding = 4; lastKnownFileType = sourcecode.c.h; path = MASConstraint.h; sourceTree = "<group>"; };
		32B096901F4159DC0076096D /* MASConstraint.m */ = {isa = PBXFileReference; fileEncoding = 4; lastKnownFileType = sourcecode.c.objc; path = MASConstraint.m; sourceTree = "<group>"; };
		32B096911F4159DC0076096D /* MASConstraintMaker.h */ = {isa = PBXFileReference; fileEncoding = 4; lastKnownFileType = sourcecode.c.h; path = MASConstraintMaker.h; sourceTree = "<group>"; };
		32B096921F4159DC0076096D /* MASConstraintMaker.m */ = {isa = PBXFileReference; fileEncoding = 4; lastKnownFileType = sourcecode.c.objc; path = MASConstraintMaker.m; sourceTree = "<group>"; };
		32B096931F4159DC0076096D /* MASLayoutConstraint.h */ = {isa = PBXFileReference; fileEncoding = 4; lastKnownFileType = sourcecode.c.h; path = MASLayoutConstraint.h; sourceTree = "<group>"; };
		32B096941F4159DC0076096D /* MASLayoutConstraint.m */ = {isa = PBXFileReference; fileEncoding = 4; lastKnownFileType = sourcecode.c.objc; path = MASLayoutConstraint.m; sourceTree = "<group>"; };
		32B096951F4159DC0076096D /* Masonry.h */ = {isa = PBXFileReference; fileEncoding = 4; lastKnownFileType = sourcecode.c.h; path = Masonry.h; sourceTree = "<group>"; };
		32B096961F4159DC0076096D /* MASUtilities.h */ = {isa = PBXFileReference; fileEncoding = 4; lastKnownFileType = sourcecode.c.h; path = MASUtilities.h; sourceTree = "<group>"; };
		32B096971F4159DC0076096D /* MASViewAttribute.h */ = {isa = PBXFileReference; fileEncoding = 4; lastKnownFileType = sourcecode.c.h; path = MASViewAttribute.h; sourceTree = "<group>"; };
		32B096981F4159DC0076096D /* MASViewAttribute.m */ = {isa = PBXFileReference; fileEncoding = 4; lastKnownFileType = sourcecode.c.objc; path = MASViewAttribute.m; sourceTree = "<group>"; };
		32B096991F4159DC0076096D /* MASViewConstraint.h */ = {isa = PBXFileReference; fileEncoding = 4; lastKnownFileType = sourcecode.c.h; path = MASViewConstraint.h; sourceTree = "<group>"; };
		32B0969A1F4159DC0076096D /* MASViewConstraint.m */ = {isa = PBXFileReference; fileEncoding = 4; lastKnownFileType = sourcecode.c.objc; path = MASViewConstraint.m; sourceTree = "<group>"; };
		32B0969B1F4159DC0076096D /* NSArray+MASAdditions.h */ = {isa = PBXFileReference; fileEncoding = 4; lastKnownFileType = sourcecode.c.h; path = "NSArray+MASAdditions.h"; sourceTree = "<group>"; };
		32B0969C1F4159DC0076096D /* NSArray+MASAdditions.m */ = {isa = PBXFileReference; fileEncoding = 4; lastKnownFileType = sourcecode.c.objc; path = "NSArray+MASAdditions.m"; sourceTree = "<group>"; };
		32B0969D1F4159DC0076096D /* NSArray+MASShorthandAdditions.h */ = {isa = PBXFileReference; fileEncoding = 4; lastKnownFileType = sourcecode.c.h; path = "NSArray+MASShorthandAdditions.h"; sourceTree = "<group>"; };
		32B0969E1F4159DC0076096D /* NSLayoutConstraint+MASDebugAdditions.h */ = {isa = PBXFileReference; fileEncoding = 4; lastKnownFileType = sourcecode.c.h; path = "NSLayoutConstraint+MASDebugAdditions.h"; sourceTree = "<group>"; };
		32B0969F1F4159DC0076096D /* NSLayoutConstraint+MASDebugAdditions.m */ = {isa = PBXFileReference; fileEncoding = 4; lastKnownFileType = sourcecode.c.objc; path = "NSLayoutConstraint+MASDebugAdditions.m"; sourceTree = "<group>"; };
		32B096A01F4159DC0076096D /* View+MASAdditions.h */ = {isa = PBXFileReference; fileEncoding = 4; lastKnownFileType = sourcecode.c.h; path = "View+MASAdditions.h"; sourceTree = "<group>"; };
		32B096A11F4159DC0076096D /* View+MASAdditions.m */ = {isa = PBXFileReference; fileEncoding = 4; lastKnownFileType = sourcecode.c.objc; path = "View+MASAdditions.m"; sourceTree = "<group>"; };
		32B096A21F4159DC0076096D /* View+MASShorthandAdditions.h */ = {isa = PBXFileReference; fileEncoding = 4; lastKnownFileType = sourcecode.c.h; path = "View+MASShorthandAdditions.h"; sourceTree = "<group>"; };
		32B096A31F4159DC0076096D /* ViewController+MASAdditions.h */ = {isa = PBXFileReference; fileEncoding = 4; lastKnownFileType = sourcecode.c.h; path = "ViewController+MASAdditions.h"; sourceTree = "<group>"; };
		32B096A41F4159DC0076096D /* ViewController+MASAdditions.m */ = {isa = PBXFileReference; fileEncoding = 4; lastKnownFileType = sourcecode.c.objc; path = "ViewController+MASAdditions.m"; sourceTree = "<group>"; };
		32B096A61F4159DC0076096D /* XXNibBridge.h */ = {isa = PBXFileReference; fileEncoding = 4; lastKnownFileType = sourcecode.c.h; path = XXNibBridge.h; sourceTree = "<group>"; };
		32B096A71F4159DC0076096D /* XXNibBridge.m */ = {isa = PBXFileReference; fileEncoding = 4; lastKnownFileType = sourcecode.c.objc; path = XXNibBridge.m; sourceTree = "<group>"; };
		32B096A81F4159DC0076096D /* XXNibConvention.h */ = {isa = PBXFileReference; fileEncoding = 4; lastKnownFileType = sourcecode.c.h; path = XXNibConvention.h; sourceTree = "<group>"; };
		32B096A91F4159DC0076096D /* XXNibConvention.m */ = {isa = PBXFileReference; fileEncoding = 4; lastKnownFileType = sourcecode.c.objc; path = XXNibConvention.m; sourceTree = "<group>"; };
		32C12C5F1F5415A2004D9700 /* BMMasonryView.xib */ = {isa = PBXFileReference; fileEncoding = 4; lastKnownFileType = file.xib; path = BMMasonryView.xib; sourceTree = "<group>"; };
		32C12C661F541A65004D9700 /* UITableViewHeaderFooterView+BMReusable.h */ = {isa = PBXFileReference; fileEncoding = 4; lastKnownFileType = sourcecode.c.h; path = "UITableViewHeaderFooterView+BMReusable.h"; sourceTree = "<group>"; };
		32C12C671F541A65004D9700 /* UITableViewHeaderFooterView+BMReusable.m */ = {isa = PBXFileReference; fileEncoding = 4; lastKnownFileType = sourcecode.c.objc; path = "UITableViewHeaderFooterView+BMReusable.m"; sourceTree = "<group>"; };
		32F6EF231F4EA64900CD60AB /* BMMasonryCellVC.h */ = {isa = PBXFileReference; fileEncoding = 4; lastKnownFileType = sourcecode.c.h; path = BMMasonryCellVC.h; sourceTree = "<group>"; };
		32F6EF241F4EA64900CD60AB /* BMMasonryCellVC.m */ = {isa = PBXFileReference; fileEncoding = 4; lastKnownFileType = sourcecode.c.objc; path = BMMasonryCellVC.m; sourceTree = "<group>"; };
		32F6EF251F4EA64900CD60AB /* BMMasonryCellVC.xib */ = {isa = PBXFileReference; fileEncoding = 4; lastKnownFileType = file.xib; path = BMMasonryCellVC.xib; sourceTree = "<group>"; };
		32F6EF281F4EA65F00CD60AB /* BMMasonryCell.h */ = {isa = PBXFileReference; fileEncoding = 4; lastKnownFileType = sourcecode.c.h; path = BMMasonryCell.h; sourceTree = "<group>"; };
		32F6EF291F4EA65F00CD60AB /* BMMasonryCell.m */ = {isa = PBXFileReference; fileEncoding = 4; lastKnownFileType = sourcecode.c.objc; path = BMMasonryCell.m; sourceTree = "<group>"; };
/* End PBXFileReference section */

/* Begin PBXFrameworksBuildPhase section */
		3259ABBF1F41571800B250DA /* Frameworks */ = {
			isa = PBXFrameworksBuildPhase;
			buildActionMask = 2147483647;
			files = (
			);
			runOnlyForDeploymentPostprocessing = 0;
		};
		3259ABD81F41571800B250DA /* Frameworks */ = {
			isa = PBXFrameworksBuildPhase;
			buildActionMask = 2147483647;
			files = (
			);
			runOnlyForDeploymentPostprocessing = 0;
		};
		3259ABE31F41571800B250DA /* Frameworks */ = {
			isa = PBXFrameworksBuildPhase;
			buildActionMask = 2147483647;
			files = (
			);
			runOnlyForDeploymentPostprocessing = 0;
		};
/* End PBXFrameworksBuildPhase section */

/* Begin PBXGroup section */
		3159AEA41F4C88AC003FAF19 /* Resources */ = {
			isa = PBXGroup;
			children = (
				3163297F1F59A0320059B434 /* 1.png */,
				316329801F59A0320059B434 /* 2.png */,
				316329811F59A0320059B434 /* 3.png */,
				316329821F59A0320059B434 /* 4.png */,
				316329831F59A0320059B434 /* 5.png */,
				316329841F59A0320059B434 /* 6.png */,
				3163296F1F599D000059B434 /* 1.jpg */,
				316329701F599D000059B434 /* 2.jpg */,
				316329711F599D000059B434 /* 3.jpg */,
				316329721F599D000059B434 /* 4.jpg */,
				316329731F599D000059B434 /* 5.jpg */,
				316329741F599D000059B434 /* 6.jpg */,
				316329751F599D000059B434 /* 7.jpg */,
				316329761F599D000059B434 /* 8.jpg */,
			);
			path = Resources;
			sourceTree = "<group>";
		};
		3159AEB11F4C8945003FAF19 /* RootVC */ = {
			isa = PBXGroup;
			children = (
				32A243C71F501FF200224A43 /* Controller */,
				32A243CB1F501FF200224A43 /* Model */,
			);
			path = RootVC;
			sourceTree = "<group>";
		};
		3159AEBD1F4C8B60003FAF19 /* BMXibCell */ = {
			isa = PBXGroup;
			children = (
				3159AEBE1F4C8B60003FAF19 /* Controller */,
				3159AEBF1F4C8B60003FAF19 /* Model */,
				3159AEC01F4C8B60003FAF19 /* View */,
			);
			path = BMXibCell;
			sourceTree = "<group>";
		};
		3159AEBE1F4C8B60003FAF19 /* Controller */ = {
			isa = PBXGroup;
			children = (
				3159AECD1F4C8C00003FAF19 /* BMXibCellVC.h */,
				3159AECE1F4C8C00003FAF19 /* BMXibCellVC.m */,
				3159AECF1F4C8C00003FAF19 /* BMXibCellVC.xib */,
			);
			path = Controller;
			sourceTree = "<group>";
		};
		3159AEBF1F4C8B60003FAF19 /* Model */ = {
			isa = PBXGroup;
			children = (
				3159AECA1F4C8BEF003FAF19 /* BMModel.h */,
				3159AECB1F4C8BEF003FAF19 /* BMModel.m */,
			);
			path = Model;
			sourceTree = "<group>";
		};
		3159AEC01F4C8B60003FAF19 /* View */ = {
			isa = PBXGroup;
			children = (
				3159AED31F4C8CB2003FAF19 /* BMCell.h */,
				3159AED21F4C8CB2003FAF19 /* BMCell.m */,
				3159AED41F4C8CB2003FAF19 /* BMCell.xib */,
			);
			path = View;
			sourceTree = "<group>";
		};
		3259ABB91F41571800B250DA = {
			isa = PBXGroup;
			children = (
				31661F641F434A00004E4750 /* BMTemplateLayoutCell.podspec */,
				31661F651F434A00004E4750 /* LICENSE */,
				31661F661F434A00004E4750 /* README.md */,
				32B095C31F4157900076096D /* BMTemplateLayoutCell */,
				3259ABC41F41571800B250DA /* BMTemplateLayoutCellDemo */,
				3259ABDE1F41571800B250DA /* BMTemplateLayoutCellDemoTests */,
				3259ABE91F41571800B250DA /* BMTemplateLayoutCellDemoUITests */,
				3259ABC31F41571800B250DA /* Products */,
			);
			sourceTree = "<group>";
		};
		3259ABC31F41571800B250DA /* Products */ = {
			isa = PBXGroup;
			children = (
				3259ABC21F41571800B250DA /* BMTemplateLayoutCellDemo.app */,
				3259ABDB1F41571800B250DA /* BMTemplateLayoutCellDemoTests.xctest */,
				3259ABE61F41571800B250DA /* BMTemplateLayoutCellDemoUITests.xctest */,
			);
			name = Products;
			sourceTree = "<group>";
		};
		3259ABC41F41571800B250DA /* BMTemplateLayoutCellDemo */ = {
			isa = PBXGroup;
			children = (
				3159AEA41F4C88AC003FAF19 /* Resources */,
				32B095B41F41577F0076096D /* AppDelegate */,
				32B095B91F41577F0076096D /* Classs */,
				32B0968A1F4159DC0076096D /* Lib */,
				32B0960E1F4157F40076096D /* Category */,
				3259ABCE1F41571800B250DA /* Main.storyboard */,
				3259ABD11F41571800B250DA /* Assets.xcassets */,
				3259ABD31F41571800B250DA /* LaunchScreen.storyboard */,
				3259ABD61F41571800B250DA /* Info.plist */,
				3259ABC51F41571800B250DA /* Supporting Files */,
			);
			path = BMTemplateLayoutCellDemo;
			sourceTree = "<group>";
		};
		3259ABC51F41571800B250DA /* Supporting Files */ = {
			isa = PBXGroup;
			children = (
			);
			name = "Supporting Files";
			sourceTree = "<group>";
		};
		3259ABDE1F41571800B250DA /* BMTemplateLayoutCellDemoTests */ = {
			isa = PBXGroup;
			children = (
				3259ABDF1F41571800B250DA /* BMTemplateLayoutCellDemoTests.m */,
				3259ABE11F41571800B250DA /* Info.plist */,
			);
			path = BMTemplateLayoutCellDemoTests;
			sourceTree = "<group>";
		};
		3259ABE91F41571800B250DA /* BMTemplateLayoutCellDemoUITests */ = {
			isa = PBXGroup;
			children = (
				3259ABEA1F41571800B250DA /* BMTemplateLayoutCellDemoUITests.m */,
				3259ABEC1F41571800B250DA /* Info.plist */,
			);
			path = BMTemplateLayoutCellDemoUITests;
			sourceTree = "<group>";
		};
		32A243C71F501FF200224A43 /* Controller */ = {
			isa = PBXGroup;
			children = (
				32A243C81F501FF200224A43 /* BMRootVC.h */,
				32A243C91F501FF200224A43 /* BMRootVC.m */,
				32A243CA1F501FF200224A43 /* BMRootVC.xib */,
			);
			path = Controller;
			sourceTree = "<group>";
		};
		32A243CB1F501FF200224A43 /* Model */ = {
			isa = PBXGroup;
			children = (
				32A243CC1F501FF200224A43 /* BMSettingModel.h */,
				32A243CD1F501FF200224A43 /* BMSettingModel.m */,
			);
			path = Model;
			sourceTree = "<group>";
		};
		32A243D31F50205800224A43 /* BMMasonryHeaderFooter */ = {
			isa = PBXGroup;
			children = (
				32A243D41F50205800224A43 /* Controller */,
				32A243D51F50205800224A43 /* Model */,
				32A243D61F50205800224A43 /* View */,
			);
			path = BMMasonryHeaderFooter;
			sourceTree = "<group>";
		};
		32A243D41F50205800224A43 /* Controller */ = {
			isa = PBXGroup;
			children = (
				32A243DB1F50207000224A43 /* BMMasonryHeaderFooterVC.h */,
				32A243DC1F50207000224A43 /* BMMasonryHeaderFooterVC.m */,
				32A243DD1F50207000224A43 /* BMMasonryHeaderFooterVC.xib */,
			);
			path = Controller;
			sourceTree = "<group>";
		};
		32A243D51F50205800224A43 /* Model */ = {
			isa = PBXGroup;
			children = (
			);
			path = Model;
			sourceTree = "<group>";
		};
		32A243D61F50205800224A43 /* View */ = {
			isa = PBXGroup;
			children = (
				32A243E01F50218E00224A43 /* BMMasonryTableViewHeaderView.h */,
				32A243E11F50218E00224A43 /* BMMasonryTableViewHeaderView.m */,
			);
			path = View;
			sourceTree = "<group>";
		};
		32A243D71F50205800224A43 /* BMXibHeaderFooter */ = {
			isa = PBXGroup;
			children = (
				32A243D81F50205800224A43 /* Controller */,
				32A243D91F50205800224A43 /* Model */,
				32A243DA1F50205800224A43 /* View */,
			);
			path = BMXibHeaderFooter;
			sourceTree = "<group>";
		};
		32A243D81F50205800224A43 /* Controller */ = {
			isa = PBXGroup;
			children = (
				32A243E71F50246D00224A43 /* BMXibHeaderFooterVC.h */,
				32A243E81F50246D00224A43 /* BMXibHeaderFooterVC.m */,
				32A243E91F50246D00224A43 /* BMXibHeaderFooterVC.xib */,
			);
			path = Controller;
			sourceTree = "<group>";
		};
		32A243D91F50205800224A43 /* Model */ = {
			isa = PBXGroup;
			children = (
			);
			path = Model;
			sourceTree = "<group>";
		};
		32A243DA1F50205800224A43 /* View */ = {
			isa = PBXGroup;
			children = (
				32C12C5C1F5415A1004D9700 /* BMMasonryView */,
			);
			path = View;
			sourceTree = "<group>";
		};
		32B095B41F41577F0076096D /* AppDelegate */ = {
			isa = PBXGroup;
			children = (
				32B095B51F41577F0076096D /* AppDelegate.h */,
				32B095B61F41577F0076096D /* AppDelegate.m */,
				32B095B71F41577F0076096D /* main.m */,
			);
			path = AppDelegate;
			sourceTree = "<group>";
		};
		32B095B91F41577F0076096D /* Classs */ = {
			isa = PBXGroup;
			children = (
				32A243D31F50205800224A43 /* BMMasonryHeaderFooter */,
				32A243D71F50205800224A43 /* BMXibHeaderFooter */,
				32F6EF181F4EA62F00CD60AB /* BMMasonryCell */,
				3159AEBD1F4C8B60003FAF19 /* BMXibCell */,
				3159AEB11F4C8945003FAF19 /* RootVC */,
			);
			path = Classs;
			sourceTree = "<group>";
		};
		32B095C31F4157900076096D /* BMTemplateLayoutCell */ = {
			isa = PBXGroup;
			children = (
				31DC9A641F41E6730045BAED /* UITableView+BMTemplateLayoutCell.h */,
				31DC9A651F41E6730045BAED /* UITableView+BMTemplateLayoutCell.m */,
			);
			name = BMTemplateLayoutCell;
			path = ../BMTemplateLayoutCell;
			sourceTree = "<group>";
		};
		32B0960E1F4157F40076096D /* Category */ = {
			isa = PBXGroup;
			children = (
				31DC9A6A1F41EBF20045BAED /* UITableViewCell+BMReusable.h */,
				31DC9A6B1F41EBF20045BAED /* UITableViewCell+BMReusable.m */,
				32C12C661F541A65004D9700 /* UITableViewHeaderFooterView+BMReusable.h */,
				32C12C671F541A65004D9700 /* UITableViewHeaderFooterView+BMReusable.m */,
				32B096111F4157F40076096D /* UIView+BMExtension.h */,
				32B096121F4157F40076096D /* UIView+BMExtension.m */,
				32B096751F41584C0076096D /* UIScrollView+BMExtension.h */,
				32B096761F41584C0076096D /* UIScrollView+BMExtension.m */,
			);
			path = Category;
			sourceTree = "<group>";
		};
		32B0968A1F4159DC0076096D /* Lib */ = {
			isa = PBXGroup;
			children = (
				32B0968B1F4159DC0076096D /* Masonry */,
				32B096A51F4159DC0076096D /* XXNibBridge */,
			);
			path = Lib;
			sourceTree = "<group>";
		};
		32B0968B1F4159DC0076096D /* Masonry */ = {
			isa = PBXGroup;
			children = (
				32B0968C1F4159DC0076096D /* MASCompositeConstraint.h */,
				32B0968D1F4159DC0076096D /* MASCompositeConstraint.m */,
				32B0968E1F4159DC0076096D /* MASConstraint+Private.h */,
				32B0968F1F4159DC0076096D /* MASConstraint.h */,
				32B096901F4159DC0076096D /* MASConstraint.m */,
				32B096911F4159DC0076096D /* MASConstraintMaker.h */,
				32B096921F4159DC0076096D /* MASConstraintMaker.m */,
				32B096931F4159DC0076096D /* MASLayoutConstraint.h */,
				32B096941F4159DC0076096D /* MASLayoutConstraint.m */,
				32B096951F4159DC0076096D /* Masonry.h */,
				32B096961F4159DC0076096D /* MASUtilities.h */,
				32B096971F4159DC0076096D /* MASViewAttribute.h */,
				32B096981F4159DC0076096D /* MASViewAttribute.m */,
				32B096991F4159DC0076096D /* MASViewConstraint.h */,
				32B0969A1F4159DC0076096D /* MASViewConstraint.m */,
				32B0969B1F4159DC0076096D /* NSArray+MASAdditions.h */,
				32B0969C1F4159DC0076096D /* NSArray+MASAdditions.m */,
				32B0969D1F4159DC0076096D /* NSArray+MASShorthandAdditions.h */,
				32B0969E1F4159DC0076096D /* NSLayoutConstraint+MASDebugAdditions.h */,
				32B0969F1F4159DC0076096D /* NSLayoutConstraint+MASDebugAdditions.m */,
				32B096A01F4159DC0076096D /* View+MASAdditions.h */,
				32B096A11F4159DC0076096D /* View+MASAdditions.m */,
				32B096A21F4159DC0076096D /* View+MASShorthandAdditions.h */,
				32B096A31F4159DC0076096D /* ViewController+MASAdditions.h */,
				32B096A41F4159DC0076096D /* ViewController+MASAdditions.m */,
			);
			path = Masonry;
			sourceTree = "<group>";
		};
		32B096A51F4159DC0076096D /* XXNibBridge */ = {
			isa = PBXGroup;
			children = (
				32B096A61F4159DC0076096D /* XXNibBridge.h */,
				32B096A71F4159DC0076096D /* XXNibBridge.m */,
				32B096A81F4159DC0076096D /* XXNibConvention.h */,
				32B096A91F4159DC0076096D /* XXNibConvention.m */,
			);
			path = XXNibBridge;
			sourceTree = "<group>";
		};
		32C12C5C1F5415A1004D9700 /* BMMasonryView */ = {
			isa = PBXGroup;
			children = (
				32C12C5F1F5415A2004D9700 /* BMMasonryView.xib */,
				313300C51F5462CF001D6552 /* BMXibHeader.h */,
				313300C61F5462CF001D6552 /* BMXibHeader.m */,
			);
			path = BMMasonryView;
			sourceTree = "<group>";
		};
		32F6EF181F4EA62F00CD60AB /* BMMasonryCell */ = {
			isa = PBXGroup;
			children = (
				32F6EF191F4EA62F00CD60AB /* Controller */,
				32F6EF1D1F4EA62F00CD60AB /* View */,
			);
			path = BMMasonryCell;
			sourceTree = "<group>";
		};
		32F6EF191F4EA62F00CD60AB /* Controller */ = {
			isa = PBXGroup;
			children = (
				32F6EF231F4EA64900CD60AB /* BMMasonryCellVC.h */,
				32F6EF241F4EA64900CD60AB /* BMMasonryCellVC.m */,
				32F6EF251F4EA64900CD60AB /* BMMasonryCellVC.xib */,
			);
			path = Controller;
			sourceTree = "<group>";
		};
		32F6EF1D1F4EA62F00CD60AB /* View */ = {
			isa = PBXGroup;
			children = (
				32F6EF281F4EA65F00CD60AB /* BMMasonryCell.h */,
				32F6EF291F4EA65F00CD60AB /* BMMasonryCell.m */,
			);
			path = View;
			sourceTree = "<group>";
		};
/* End PBXGroup section */

/* Begin PBXNativeTarget section */
		3259ABC11F41571800B250DA /* BMTemplateLayoutCellDemo */ = {
			isa = PBXNativeTarget;
			buildConfigurationList = 3259ABEF1F41571800B250DA /* Build configuration list for PBXNativeTarget "BMTemplateLayoutCellDemo" */;
			buildPhases = (
				3259ABBE1F41571800B250DA /* Sources */,
				3259ABBF1F41571800B250DA /* Frameworks */,
				3259ABC01F41571800B250DA /* Resources */,
			);
			buildRules = (
			);
			dependencies = (
			);
			name = BMTemplateLayoutCellDemo;
			productName = BMTemplateLayoutCellDemo;
			productReference = 3259ABC21F41571800B250DA /* BMTemplateLayoutCellDemo.app */;
			productType = "com.apple.product-type.application";
		};
		3259ABDA1F41571800B250DA /* BMTemplateLayoutCellDemoTests */ = {
			isa = PBXNativeTarget;
			buildConfigurationList = 3259ABF21F41571800B250DA /* Build configuration list for PBXNativeTarget "BMTemplateLayoutCellDemoTests" */;
			buildPhases = (
				3259ABD71F41571800B250DA /* Sources */,
				3259ABD81F41571800B250DA /* Frameworks */,
				3259ABD91F41571800B250DA /* Resources */,
			);
			buildRules = (
			);
			dependencies = (
				3259ABDD1F41571800B250DA /* PBXTargetDependency */,
			);
			name = BMTemplateLayoutCellDemoTests;
			productName = BMTemplateLayoutCellDemoTests;
			productReference = 3259ABDB1F41571800B250DA /* BMTemplateLayoutCellDemoTests.xctest */;
			productType = "com.apple.product-type.bundle.unit-test";
		};
		3259ABE51F41571800B250DA /* BMTemplateLayoutCellDemoUITests */ = {
			isa = PBXNativeTarget;
			buildConfigurationList = 3259ABF51F41571800B250DA /* Build configuration list for PBXNativeTarget "BMTemplateLayoutCellDemoUITests" */;
			buildPhases = (
				3259ABE21F41571800B250DA /* Sources */,
				3259ABE31F41571800B250DA /* Frameworks */,
				3259ABE41F41571800B250DA /* Resources */,
			);
			buildRules = (
			);
			dependencies = (
				3259ABE81F41571800B250DA /* PBXTargetDependency */,
			);
			name = BMTemplateLayoutCellDemoUITests;
			productName = BMTemplateLayoutCellDemoUITests;
			productReference = 3259ABE61F41571800B250DA /* BMTemplateLayoutCellDemoUITests.xctest */;
			productType = "com.apple.product-type.bundle.ui-testing";
		};
/* End PBXNativeTarget section */

/* Begin PBXProject section */
		3259ABBA1F41571800B250DA /* Project object */ = {
			isa = PBXProject;
			attributes = {
				LastUpgradeCheck = 0830;
				ORGANIZATIONNAME = "___liangdahong";
				TargetAttributes = {
					3259ABC11F41571800B250DA = {
						CreatedOnToolsVersion = 8.3.3;
						DevelopmentTeam = 8RB35RM424;
						ProvisioningStyle = Automatic;
					};
					3259ABDA1F41571800B250DA = {
						CreatedOnToolsVersion = 8.3.3;
						DevelopmentTeam = 8RB35RM424;
						ProvisioningStyle = Automatic;
						TestTargetID = 3259ABC11F41571800B250DA;
					};
					3259ABE51F41571800B250DA = {
						CreatedOnToolsVersion = 8.3.3;
						DevelopmentTeam = 8RB35RM424;
						ProvisioningStyle = Automatic;
						TestTargetID = 3259ABC11F41571800B250DA;
					};
				};
			};
			buildConfigurationList = 3259ABBD1F41571800B250DA /* Build configuration list for PBXProject "BMTemplateLayoutCellDemo" */;
			compatibilityVersion = "Xcode 3.2";
			developmentRegion = English;
			hasScannedForEncodings = 0;
			knownRegions = (
				en,
				Base,
			);
			mainGroup = 3259ABB91F41571800B250DA;
			productRefGroup = 3259ABC31F41571800B250DA /* Products */;
			projectDirPath = "";
			projectRoot = "";
			targets = (
				3259ABC11F41571800B250DA /* BMTemplateLayoutCellDemo */,
				3259ABDA1F41571800B250DA /* BMTemplateLayoutCellDemoTests */,
				3259ABE51F41571800B250DA /* BMTemplateLayoutCellDemoUITests */,
			);
		};
/* End PBXProject section */

/* Begin PBXResourcesBuildPhase section */
		3259ABC01F41571800B250DA /* Resources */ = {
			isa = PBXResourcesBuildPhase;
			buildActionMask = 2147483647;
			files = (
				316329861F59A0320059B434 /* 2.png in Resources */,
				3163297A1F599D000059B434 /* 4.jpg in Resources */,
				3259ABD51F41571800B250DA /* LaunchScreen.storyboard in Resources */,
				316329771F599D000059B434 /* 1.jpg in Resources */,
				316329781F599D000059B434 /* 2.jpg in Resources */,
				31661F6D1F434A00004E4750 /* LICENSE in Resources */,
				3163298A1F59A0320059B434 /* 6.png in Resources */,
				3159AED61F4C8CB2003FAF19 /* BMCell.xib in Resources */,
				316329851F59A0320059B434 /* 1.png in Resources */,
				32A243DF1F50207000224A43 /* BMMasonryHeaderFooterVC.xib in Resources */,
				32F6EF271F4EA64900CD60AB /* BMMasonryCellVC.xib in Resources */,
				3259ABD21F41571800B250DA /* Assets.xcassets in Resources */,
				316329891F59A0320059B434 /* 5.png in Resources */,
				316329871F59A0320059B434 /* 3.png in Resources */,
				316329881F59A0320059B434 /* 4.png in Resources */,
				3163297D1F599D000059B434 /* 7.jpg in Resources */,
				316329791F599D000059B434 /* 3.jpg in Resources */,
				32A243CF1F501FF200224A43 /* BMRootVC.xib in Resources */,
				3259ABD01F41571800B250DA /* Main.storyboard in Resources */,
				3159AED11F4C8C00003FAF19 /* BMXibCellVC.xib in Resources */,
				3163297E1F599D000059B434 /* 8.jpg in Resources */,
				31661F6C1F434A00004E4750 /* BMTemplateLayoutCell.podspec in Resources */,
				3163297C1F599D000059B434 /* 6.jpg in Resources */,
				32A243EB1F50246D00224A43 /* BMXibHeaderFooterVC.xib in Resources */,
				3163297B1F599D000059B434 /* 5.jpg in Resources */,
				32C12C641F5415A2004D9700 /* BMMasonryView.xib in Resources */,
			);
			runOnlyForDeploymentPostprocessing = 0;
		};
		3259ABD91F41571800B250DA /* Resources */ = {
			isa = PBXResourcesBuildPhase;
			buildActionMask = 2147483647;
			files = (
			);
			runOnlyForDeploymentPostprocessing = 0;
		};
		3259ABE41F41571800B250DA /* Resources */ = {
			isa = PBXResourcesBuildPhase;
			buildActionMask = 2147483647;
			files = (
			);
			runOnlyForDeploymentPostprocessing = 0;
		};
/* End PBXResourcesBuildPhase section */

/* Begin PBXSourcesBuildPhase section */
		3259ABBE1F41571800B250DA /* Sources */ = {
			isa = PBXSourcesBuildPhase;
			buildActionMask = 2147483647;
			files = (
				32A243EA1F50246D00224A43 /* BMXibHeaderFooterVC.m in Sources */,
				32B096B01F4159DC0076096D /* NSArray+MASAdditions.m in Sources */,
				32F6EF261F4EA64900CD60AB /* BMMasonryCellVC.m in Sources */,
				32B095BD1F41577F0076096D /* main.m in Sources */,
				32C12C681F541A65004D9700 /* UITableViewHeaderFooterView+BMReusable.m in Sources */,
				32B096B11F4159DC0076096D /* NSLayoutConstraint+MASDebugAdditions.m in Sources */,
				32A243CE1F501FF200224A43 /* BMRootVC.m in Sources */,
				3159AECC1F4C8BEF003FAF19 /* BMModel.m in Sources */,
				3159AED51F4C8CB2003FAF19 /* BMCell.m in Sources */,
				31661F6E1F434A00004E4750 /* README.md in Sources */,
				32A243E21F50218E00224A43 /* BMMasonryTableViewHeaderView.m in Sources */,
				3159AED01F4C8C00003FAF19 /* BMXibCellVC.m in Sources */,
				313300C71F5462CF001D6552 /* BMXibHeader.m in Sources */,
				32B096141F4157F40076096D /* UIView+BMExtension.m in Sources */,
				31DC9A681F41E6730045BAED /* UITableView+BMTemplateLayoutCell.m in Sources */,
				32B096AC1F4159DC0076096D /* MASConstraintMaker.m in Sources */,
				32A243DE1F50207000224A43 /* BMMasonryHeaderFooterVC.m in Sources */,
				32B096B21F4159DC0076096D /* View+MASAdditions.m in Sources */,
				32B096AB1F4159DC0076096D /* MASConstraint.m in Sources */,
				32B096AF1F4159DC0076096D /* MASViewConstraint.m in Sources */,
				32B096771F41584C0076096D /* UIScrollView+BMExtension.m in Sources */,
				32F6EF2B1F4EA65F00CD60AB /* BMMasonryCell.m in Sources */,
				32B096B31F4159DC0076096D /* ViewController+MASAdditions.m in Sources */,
				32B096AD1F4159DC0076096D /* MASLayoutConstraint.m in Sources */,
				32A243D01F501FF200224A43 /* BMSettingModel.m in Sources */,
				32B096AA1F4159DC0076096D /* MASCompositeConstraint.m in Sources */,
				32B096B51F4159DC0076096D /* XXNibConvention.m in Sources */,
				32B095BC1F41577F0076096D /* AppDelegate.m in Sources */,
				31DC9A6C1F41EBF20045BAED /* UITableViewCell+BMReusable.m in Sources */,
				32B096B41F4159DC0076096D /* XXNibBridge.m in Sources */,
				32B096AE1F4159DC0076096D /* MASViewAttribute.m in Sources */,
			);
			runOnlyForDeploymentPostprocessing = 0;
		};
		3259ABD71F41571800B250DA /* Sources */ = {
			isa = PBXSourcesBuildPhase;
			buildActionMask = 2147483647;
			files = (
				3259ABE01F41571800B250DA /* BMTemplateLayoutCellDemoTests.m in Sources */,
			);
			runOnlyForDeploymentPostprocessing = 0;
		};
		3259ABE21F41571800B250DA /* Sources */ = {
			isa = PBXSourcesBuildPhase;
			buildActionMask = 2147483647;
			files = (
				3259ABEB1F41571800B250DA /* BMTemplateLayoutCellDemoUITests.m in Sources */,
			);
			runOnlyForDeploymentPostprocessing = 0;
		};
/* End PBXSourcesBuildPhase section */

/* Begin PBXTargetDependency section */
		3259ABDD1F41571800B250DA /* PBXTargetDependency */ = {
			isa = PBXTargetDependency;
			target = 3259ABC11F41571800B250DA /* BMTemplateLayoutCellDemo */;
			targetProxy = 3259ABDC1F41571800B250DA /* PBXContainerItemProxy */;
		};
		3259ABE81F41571800B250DA /* PBXTargetDependency */ = {
			isa = PBXTargetDependency;
			target = 3259ABC11F41571800B250DA /* BMTemplateLayoutCellDemo */;
			targetProxy = 3259ABE71F41571800B250DA /* PBXContainerItemProxy */;
		};
/* End PBXTargetDependency section */

/* Begin PBXVariantGroup section */
		3259ABCE1F41571800B250DA /* Main.storyboard */ = {
			isa = PBXVariantGroup;
			children = (
				3259ABCF1F41571800B250DA /* Base */,
			);
			name = Main.storyboard;
			sourceTree = "<group>";
		};
		3259ABD31F41571800B250DA /* LaunchScreen.storyboard */ = {
			isa = PBXVariantGroup;
			children = (
				3259ABD41F41571800B250DA /* Base */,
			);
			name = LaunchScreen.storyboard;
			sourceTree = "<group>";
		};
/* End PBXVariantGroup section */

/* Begin XCBuildConfiguration section */
		3259ABED1F41571800B250DA /* Debug */ = {
			isa = XCBuildConfiguration;
			buildSettings = {
				ALWAYS_SEARCH_USER_PATHS = NO;
				CLANG_ANALYZER_NONNULL = YES;
				CLANG_ANALYZER_NUMBER_OBJECT_CONVERSION = YES_AGGRESSIVE;
				CLANG_CXX_LANGUAGE_STANDARD = "gnu++0x";
				CLANG_CXX_LIBRARY = "libc++";
				CLANG_ENABLE_MODULES = YES;
				CLANG_ENABLE_OBJC_ARC = YES;
				CLANG_WARN_BOOL_CONVERSION = YES;
				CLANG_WARN_CONSTANT_CONVERSION = YES;
				CLANG_WARN_DIRECT_OBJC_ISA_USAGE = YES_ERROR;
				CLANG_WARN_DOCUMENTATION_COMMENTS = YES;
				CLANG_WARN_EMPTY_BODY = YES;
				CLANG_WARN_ENUM_CONVERSION = YES;
				CLANG_WARN_INFINITE_RECURSION = YES;
				CLANG_WARN_INT_CONVERSION = YES;
				CLANG_WARN_OBJC_ROOT_CLASS = YES_ERROR;
				CLANG_WARN_SUSPICIOUS_MOVE = YES;
				CLANG_WARN_UNREACHABLE_CODE = YES;
				CLANG_WARN__DUPLICATE_METHOD_MATCH = YES;
				"CODE_SIGN_IDENTITY[sdk=iphoneos*]" = "iPhone Developer";
				COPY_PHASE_STRIP = NO;
				DEBUG_INFORMATION_FORMAT = dwarf;
				ENABLE_STRICT_OBJC_MSGSEND = YES;
				ENABLE_TESTABILITY = YES;
				GCC_C_LANGUAGE_STANDARD = gnu99;
				GCC_DYNAMIC_NO_PIC = NO;
				GCC_NO_COMMON_BLOCKS = YES;
				GCC_OPTIMIZATION_LEVEL = 0;
				GCC_PREPROCESSOR_DEFINITIONS = (
					"DEBUG=1",
					"$(inherited)",
				);
				GCC_WARN_64_TO_32_BIT_CONVERSION = YES;
				GCC_WARN_ABOUT_RETURN_TYPE = YES_ERROR;
				GCC_WARN_UNDECLARED_SELECTOR = YES;
				GCC_WARN_UNINITIALIZED_AUTOS = YES_AGGRESSIVE;
				GCC_WARN_UNUSED_FUNCTION = YES;
				GCC_WARN_UNUSED_VARIABLE = YES;
				IPHONEOS_DEPLOYMENT_TARGET = 10.3;
				MTL_ENABLE_DEBUG_INFO = YES;
				ONLY_ACTIVE_ARCH = YES;
				SDKROOT = iphoneos;
				TARGETED_DEVICE_FAMILY = "1,2";
			};
			name = Debug;
		};
		3259ABEE1F41571800B250DA /* Release */ = {
			isa = XCBuildConfiguration;
			buildSettings = {
				ALWAYS_SEARCH_USER_PATHS = NO;
				CLANG_ANALYZER_NONNULL = YES;
				CLANG_ANALYZER_NUMBER_OBJECT_CONVERSION = YES_AGGRESSIVE;
				CLANG_CXX_LANGUAGE_STANDARD = "gnu++0x";
				CLANG_CXX_LIBRARY = "libc++";
				CLANG_ENABLE_MODULES = YES;
				CLANG_ENABLE_OBJC_ARC = YES;
				CLANG_WARN_BOOL_CONVERSION = YES;
				CLANG_WARN_CONSTANT_CONVERSION = YES;
				CLANG_WARN_DIRECT_OBJC_ISA_USAGE = YES_ERROR;
				CLANG_WARN_DOCUMENTATION_COMMENTS = YES;
				CLANG_WARN_EMPTY_BODY = YES;
				CLANG_WARN_ENUM_CONVERSION = YES;
				CLANG_WARN_INFINITE_RECURSION = YES;
				CLANG_WARN_INT_CONVERSION = YES;
				CLANG_WARN_OBJC_ROOT_CLASS = YES_ERROR;
				CLANG_WARN_SUSPICIOUS_MOVE = YES;
				CLANG_WARN_UNREACHABLE_CODE = YES;
				CLANG_WARN__DUPLICATE_METHOD_MATCH = YES;
				"CODE_SIGN_IDENTITY[sdk=iphoneos*]" = "iPhone Developer";
				COPY_PHASE_STRIP = NO;
				DEBUG_INFORMATION_FORMAT = "dwarf-with-dsym";
				ENABLE_NS_ASSERTIONS = NO;
				ENABLE_STRICT_OBJC_MSGSEND = YES;
				GCC_C_LANGUAGE_STANDARD = gnu99;
				GCC_NO_COMMON_BLOCKS = YES;
				GCC_WARN_64_TO_32_BIT_CONVERSION = YES;
				GCC_WARN_ABOUT_RETURN_TYPE = YES_ERROR;
				GCC_WARN_UNDECLARED_SELECTOR = YES;
				GCC_WARN_UNINITIALIZED_AUTOS = YES_AGGRESSIVE;
				GCC_WARN_UNUSED_FUNCTION = YES;
				GCC_WARN_UNUSED_VARIABLE = YES;
				IPHONEOS_DEPLOYMENT_TARGET = 10.3;
				MTL_ENABLE_DEBUG_INFO = NO;
				SDKROOT = iphoneos;
				TARGETED_DEVICE_FAMILY = "1,2";
				VALIDATE_PRODUCT = YES;
			};
			name = Release;
		};
		3259ABF01F41571800B250DA /* Debug */ = {
			isa = XCBuildConfiguration;
			buildSettings = {
				ASSETCATALOG_COMPILER_APPICON_NAME = AppIcon;
				DEVELOPMENT_TEAM = 8RB35RM424;
				INFOPLIST_FILE = BMTemplateLayoutCellDemo/Info.plist;
				IPHONEOS_DEPLOYMENT_TARGET = 6.0;
				LD_RUNPATH_SEARCH_PATHS = "$(inherited) @executable_path/Frameworks";
				PRODUCT_BUNDLE_IDENTIFIER = com.idhong.BMTemplateLayoutCellDemo;
				PRODUCT_NAME = "$(TARGET_NAME)";
			};
			name = Debug;
		};
		3259ABF11F41571800B250DA /* Release */ = {
			isa = XCBuildConfiguration;
			buildSettings = {
				ASSETCATALOG_COMPILER_APPICON_NAME = AppIcon;
				DEVELOPMENT_TEAM = 8RB35RM424;
				INFOPLIST_FILE = BMTemplateLayoutCellDemo/Info.plist;
				IPHONEOS_DEPLOYMENT_TARGET = 6.0;
				LD_RUNPATH_SEARCH_PATHS = "$(inherited) @executable_path/Frameworks";
				PRODUCT_BUNDLE_IDENTIFIER = com.idhong.BMTemplateLayoutCellDemo;
				PRODUCT_NAME = "$(TARGET_NAME)";
			};
			name = Release;
		};
		3259ABF31F41571800B250DA /* Debug */ = {
			isa = XCBuildConfiguration;
			buildSettings = {
				BUNDLE_LOADER = "$(TEST_HOST)";
				DEVELOPMENT_TEAM = 8RB35RM424;
				INFOPLIST_FILE = BMTemplateLayoutCellDemoTests/Info.plist;
				LD_RUNPATH_SEARCH_PATHS = "$(inherited) @executable_path/Frameworks @loader_path/Frameworks";
				PRODUCT_BUNDLE_IDENTIFIER = com.idhong.BMTemplateLayoutCellDemoTests;
				PRODUCT_NAME = "$(TARGET_NAME)";
				TEST_HOST = "$(BUILT_PRODUCTS_DIR)/BMTemplateLayoutCellDemo.app/BMTemplateLayoutCellDemo";
			};
			name = Debug;
		};
		3259ABF41F41571800B250DA /* Release */ = {
			isa = XCBuildConfiguration;
			buildSettings = {
				BUNDLE_LOADER = "$(TEST_HOST)";
				DEVELOPMENT_TEAM = 8RB35RM424;
				INFOPLIST_FILE = BMTemplateLayoutCellDemoTests/Info.plist;
				LD_RUNPATH_SEARCH_PATHS = "$(inherited) @executable_path/Frameworks @loader_path/Frameworks";
				PRODUCT_BUNDLE_IDENTIFIER = com.idhong.BMTemplateLayoutCellDemoTests;
				PRODUCT_NAME = "$(TARGET_NAME)";
				TEST_HOST = "$(BUILT_PRODUCTS_DIR)/BMTemplateLayoutCellDemo.app/BMTemplateLayoutCellDemo";
			};
			name = Release;
		};
		3259ABF61F41571800B250DA /* Debug */ = {
			isa = XCBuildConfiguration;
			buildSettings = {
				DEVELOPMENT_TEAM = 8RB35RM424;
				INFOPLIST_FILE = BMTemplateLayoutCellDemoUITests/Info.plist;
				LD_RUNPATH_SEARCH_PATHS = "$(inherited) @executable_path/Frameworks @loader_path/Frameworks";
				PRODUCT_BUNDLE_IDENTIFIER = com.idhong.BMTemplateLayoutCellDemoUITests;
				PRODUCT_NAME = "$(TARGET_NAME)";
				TEST_TARGET_NAME = BMTemplateLayoutCellDemo;
			};
			name = Debug;
		};
		3259ABF71F41571800B250DA /* Release */ = {
			isa = XCBuildConfiguration;
			buildSettings = {
				DEVELOPMENT_TEAM = 8RB35RM424;
				INFOPLIST_FILE = BMTemplateLayoutCellDemoUITests/Info.plist;
				LD_RUNPATH_SEARCH_PATHS = "$(inherited) @executable_path/Frameworks @loader_path/Frameworks";
				PRODUCT_BUNDLE_IDENTIFIER = com.idhong.BMTemplateLayoutCellDemoUITests;
				PRODUCT_NAME = "$(TARGET_NAME)";
				TEST_TARGET_NAME = BMTemplateLayoutCellDemo;
			};
			name = Release;
		};
/* End XCBuildConfiguration section */

/* Begin XCConfigurationList section */
		3259ABBD1F41571800B250DA /* Build configuration list for PBXProject "BMTemplateLayoutCellDemo" */ = {
			isa = XCConfigurationList;
			buildConfigurations = (
				3259ABED1F41571800B250DA /* Debug */,
				3259ABEE1F41571800B250DA /* Release */,
			);
			defaultConfigurationIsVisible = 0;
			defaultConfigurationName = Release;
		};
		3259ABEF1F41571800B250DA /* Build configuration list for PBXNativeTarget "BMTemplateLayoutCellDemo" */ = {
			isa = XCConfigurationList;
			buildConfigurations = (
				3259ABF01F41571800B250DA /* Debug */,
				3259ABF11F41571800B250DA /* Release */,
			);
			defaultConfigurationIsVisible = 0;
			defaultConfigurationName = Release;
		};
		3259ABF21F41571800B250DA /* Build configuration list for PBXNativeTarget "BMTemplateLayoutCellDemoTests" */ = {
			isa = XCConfigurationList;
			buildConfigurations = (
				3259ABF31F41571800B250DA /* Debug */,
				3259ABF41F41571800B250DA /* Release */,
			);
			defaultConfigurationIsVisible = 0;
			defaultConfigurationName = Release;
		};
		3259ABF51F41571800B250DA /* Build configuration list for PBXNativeTarget "BMTemplateLayoutCellDemoUITests" */ = {
			isa = XCConfigurationList;
			buildConfigurations = (
				3259ABF61F41571800B250DA /* Debug */,
				3259ABF71F41571800B250DA /* Release */,
			);
			defaultConfigurationIsVisible = 0;
			defaultConfigurationName = Release;
		};
/* End XCConfigurationList section */
	};
	rootObject = 3259ABBA1F41571800B250DA /* Project object */;
}
