// !$*UTF8*$!
{
	archiveVersion = 1;
	classes = {
	};
	objectVersion = 46;
	objects = {

/* Begin PBXBuildFile section */
		3259ABD01F41571800B250DA /* Main.storyboard in Resources */ = {isa = PBXBuildFile; fileRef = 3259ABCE1F41571800B250DA /* Main.storyboard */; };
		3259ABD21F41571800B250DA /* Assets.xcassets in Resources */ = {isa = PBXBuildFile; fileRef = 3259ABD11F41571800B250DA /* Assets.xcassets */; };
		3259ABD51F41571800B250DA /* LaunchScreen.storyboard in Resources */ = {isa = PBXBuildFile; fileRef = 3259ABD31F41571800B250DA /* LaunchScreen.storyboard */; };
		3259ABE01F41571800B250DA /* BMTemplateLayoutCellDemoTests.m in Sources */ = {isa = PBXBuildFile; fileRef = 3259ABDF1F41571800B250DA /* BMTemplateLayoutCellDemoTests.m */; };
		3259ABEB1F41571800B250DA /* BMTemplateLayoutCellDemoUITests.m in Sources */ = {isa = PBXBuildFile; fileRef = 3259ABEA1F41571800B250DA /* BMTemplateLayoutCellDemoUITests.m */; };
		32B095BC1F41577F0076096D /* AppDelegate.m in Sources */ = {isa = PBXBuildFile; fileRef = 32B095B61F41577F0076096D /* AppDelegate.m */; };
		32B095BD1F41577F0076096D /* main.m in Sources */ = {isa = PBXBuildFile; fileRef = 32B095B71F41577F0076096D /* main.m */; };
		32B095C61F4157900076096D /* UITableView+BMTemplateLayoutCell.m in Sources */ = {isa = PBXBuildFile; fileRef = 32B095C51F4157900076096D /* UITableView+BMTemplateLayoutCell.m */; };
		32B096071F4157CB0076096D /* ViewController.m in Sources */ = {isa = PBXBuildFile; fileRef = 32B095F91F4157CB0076096D /* ViewController.m */; };
		32B096141F4157F40076096D /* UIView+BMExtension.m in Sources */ = {isa = PBXBuildFile; fileRef = 32B096121F4157F40076096D /* UIView+BMExtension.m */; };
		32B096771F41584C0076096D /* UIScrollView+BMExtension.m in Sources */ = {isa = PBXBuildFile; fileRef = 32B096761F41584C0076096D /* UIScrollView+BMExtension.m */; };
		32B096841F4159B60076096D /* BMChatInputView.m in Sources */ = {isa = PBXBuildFile; fileRef = 32B0967A1F4159B60076096D /* BMChatInputView.m */; };
		32B096851F4159B60076096D /* BMChatInputView.xib in Resources */ = {isa = PBXBuildFile; fileRef = 32B0967B1F4159B60076096D /* BMChatInputView.xib */; };
		32B096861F4159B60076096D /* BMOneCell.m in Sources */ = {isa = PBXBuildFile; fileRef = 32B0967E1F4159B60076096D /* BMOneCell.m */; };
		32B096871F4159B60076096D /* BMOneCell.xib in Resources */ = {isa = PBXBuildFile; fileRef = 32B0967F1F4159B60076096D /* BMOneCell.xib */; };
		32B096881F4159B60076096D /* TableViewCell.m in Sources */ = {isa = PBXBuildFile; fileRef = 32B096821F4159B60076096D /* TableViewCell.m */; };
		32B096891F4159B60076096D /* TableViewCell.xib in Resources */ = {isa = PBXBuildFile; fileRef = 32B096831F4159B60076096D /* TableViewCell.xib */; };
		32B096AA1F4159DC0076096D /* MASCompositeConstraint.m in Sources */ = {isa = PBXBuildFile; fileRef = 32B0968D1F4159DC0076096D /* MASCompositeConstraint.m */; };
		32B096AB1F4159DC0076096D /* MASConstraint.m in Sources */ = {isa = PBXBuildFile; fileRef = 32B096901F4159DC0076096D /* MASConstraint.m */; };
		32B096AC1F4159DC0076096D /* MASConstraintMaker.m in Sources */ = {isa = PBXBuildFile; fileRef = 32B096921F4159DC0076096D /* MASConstraintMaker.m */; };
		32B096AD1F4159DC0076096D /* MASLayoutConstraint.m in Sources */ = {isa = PBXBuildFile; fileRef = 32B096941F4159DC0076096D /* MASLayoutConstraint.m */; };
		32B096AE1F4159DC0076096D /* MASViewAttribute.m in Sources */ = {isa = PBXBuildFile; fileRef = 32B096981F4159DC0076096D /* MASViewAttribute.m */; };
		32B096AF1F4159DC0076096D /* MASViewConstraint.m in Sources */ = {isa = PBXBuildFile; fileRef = 32B0969A1F4159DC0076096D /* MASViewConstraint.m */; };
		32B096B01F4159DC0076096D /* NSArray+MASAdditions.m in Sources */ = {isa = PBXBuildFile; fileRef = 32B0969C1F4159DC0076096D /* NSArray+MASAdditions.m */; };
		32B096B11F4159DC0076096D /* NSLayoutConstraint+MASDebugAdditions.m in Sources */ = {isa = PBXBuildFile; fileRef = 32B0969F1F4159DC0076096D /* NSLayoutConstraint+MASDebugAdditions.m */; };
		32B096B21F4159DC0076096D /* View+MASAdditions.m in Sources */ = {isa = PBXBuildFile; fileRef = 32B096A11F4159DC0076096D /* View+MASAdditions.m */; };
		32B096B31F4159DC0076096D /* ViewController+MASAdditions.m in Sources */ = {isa = PBXBuildFile; fileRef = 32B096A41F4159DC0076096D /* ViewController+MASAdditions.m */; };
		32B096B41F4159DC0076096D /* XXNibBridge.m in Sources */ = {isa = PBXBuildFile; fileRef = 32B096A71F4159DC0076096D /* XXNibBridge.m */; };
		32B096B51F4159DC0076096D /* XXNibConvention.m in Sources */ = {isa = PBXBuildFile; fileRef = 32B096A91F4159DC0076096D /* XXNibConvention.m */; };
		32B096BA1F416C2C0076096D /* BMTwoCell.m in Sources */ = {isa = PBXBuildFile; fileRef = 32B096B81F416C2C0076096D /* BMTwoCell.m */; };
		32B096BB1F416C2C0076096D /* BMTwoCell.xib in Resources */ = {isa = PBXBuildFile; fileRef = 32B096B91F416C2C0076096D /* BMTwoCell.xib */; };
		32B098151F416DCA0076096D /* BMImageViewCell.m in Sources */ = {isa = PBXBuildFile; fileRef = 32B098131F416DCA0076096D /* BMImageViewCell.m */; };
		32B098161F416DCA0076096D /* BMImageViewCell.xib in Resources */ = {isa = PBXBuildFile; fileRef = 32B098141F416DCA0076096D /* BMImageViewCell.xib */; };
		32B0981B1F416ED90076096D /* 001@2x.png in Resources */ = {isa = PBXBuildFile; fileRef = 32B098181F416ED90076096D /* 001@2x.png */; };
		32B0981C1F416ED90076096D /* 002@2x.png in Resources */ = {isa = PBXBuildFile; fileRef = 32B098191F416ED90076096D /* 002@2x.png */; };
		32B0981D1F416ED90076096D /* 003@2x.png in Resources */ = {isa = PBXBuildFile; fileRef = 32B0981A1F416ED90076096D /* 003@2x.png */; };
/* End PBXBuildFile section */

/* Begin PBXContainerItemProxy section */
		3259ABDC1F41571800B250DA /* PBXContainerItemProxy */ = {
			isa = PBXContainerItemProxy;
			containerPortal = 3259ABBA1F41571800B250DA /* Project object */;
			proxyType = 1;
			remoteGlobalIDString = 3259ABC11F41571800B250DA;
			remoteInfo = BMTemplateLayoutCellDemo;
		};
		3259ABE71F41571800B250DA /* PBXContainerItemProxy */ = {
			isa = PBXContainerItemProxy;
			containerPortal = 3259ABBA1F41571800B250DA /* Project object */;
			proxyType = 1;
			remoteGlobalIDString = 3259ABC11F41571800B250DA;
			remoteInfo = BMTemplateLayoutCellDemo;
		};
/* End PBXContainerItemProxy section */

/* Begin PBXFileReference section */
		3259ABC21F41571800B250DA /* BMTemplateLayoutCellDemo.app */ = {isa = PBXFileReference; explicitFileType = wrapper.application; includeInIndex = 0; path = BMTemplateLayoutCellDemo.app; sourceTree = BUILT_PRODUCTS_DIR; };
		3259ABCF1F41571800B250DA /* Base */ = {isa = PBXFileReference; lastKnownFileType = file.storyboard; name = Base; path = Base.lproj/Main.storyboard; sourceTree = "<group>"; };
		3259ABD11F41571800B250DA /* Assets.xcassets */ = {isa = PBXFileReference; lastKnownFileType = folder.assetcatalog; path = Assets.xcassets; sourceTree = "<group>"; };
		3259ABD41F41571800B250DA /* Base */ = {isa = PBXFileReference; lastKnownFileType = file.storyboard; name = Base; path = Base.lproj/LaunchScreen.storyboard; sourceTree = "<group>"; };
		3259ABD61F41571800B250DA /* Info.plist */ = {isa = PBXFileReference; lastKnownFileType = text.plist.xml; path = Info.plist; sourceTree = "<group>"; };
		3259ABDB1F41571800B250DA /* BMTemplateLayoutCellDemoTests.xctest */ = {isa = PBXFileReference; explicitFileType = wrapper.cfbundle; includeInIndex = 0; path = BMTemplateLayoutCellDemoTests.xctest; sourceTree = BUILT_PRODUCTS_DIR; };
		3259ABDF1F41571800B250DA /* BMTemplateLayoutCellDemoTests.m */ = {isa = PBXFileReference; lastKnownFileType = sourcecode.c.objc; path = BMTemplateLayoutCellDemoTests.m; sourceTree = "<group>"; };
		3259ABE11F41571800B250DA /* Info.plist */ = {isa = PBXFileReference; lastKnownFileType = text.plist.xml; path = Info.plist; sourceTree = "<group>"; };
		3259ABE61F41571800B250DA /* BMTemplateLayoutCellDemoUITests.xctest */ = {isa = PBXFileReference; explicitFileType = wrapper.cfbundle; includeInIndex = 0; path = BMTemplateLayoutCellDemoUITests.xctest; sourceTree = BUILT_PRODUCTS_DIR; };
		3259ABEA1F41571800B250DA /* BMTemplateLayoutCellDemoUITests.m */ = {isa = PBXFileReference; lastKnownFileType = sourcecode.c.objc; path = BMTemplateLayoutCellDemoUITests.m; sourceTree = "<group>"; };
		3259ABEC1F41571800B250DA /* Info.plist */ = {isa = PBXFileReference; lastKnownFileType = text.plist.xml; path = Info.plist; sourceTree = "<group>"; };
		32B095B51F41577F0076096D /* AppDelegate.h */ = {isa = PBXFileReference; fileEncoding = 4; lastKnownFileType = sourcecode.c.h; path = AppDelegate.h; sourceTree = "<group>"; };
		32B095B61F41577F0076096D /* AppDelegate.m */ = {isa = PBXFileReference; fileEncoding = 4; lastKnownFileType = sourcecode.c.objc; path = AppDelegate.m; sourceTree = "<group>"; };
		32B095B71F41577F0076096D /* main.m */ = {isa = PBXFileReference; fileEncoding = 4; lastKnownFileType = sourcecode.c.objc; path = main.m; sourceTree = "<group>"; };
		32B095C41F4157900076096D /* UITableView+BMTemplateLayoutCell.h */ = {isa = PBXFileReference; fileEncoding = 4; lastKnownFileType = sourcecode.c.h; path = "UITableView+BMTemplateLayoutCell.h"; sourceTree = "<group>"; };
		32B095C51F4157900076096D /* UITableView+BMTemplateLayoutCell.m */ = {isa = PBXFileReference; fileEncoding = 4; lastKnownFileType = sourcecode.c.objc; path = "UITableView+BMTemplateLayoutCell.m"; sourceTree = "<group>"; };
		32B095F81F4157CB0076096D /* ViewController.h */ = {isa = PBXFileReference; fileEncoding = 4; lastKnownFileType = sourcecode.c.h; path = ViewController.h; sourceTree = "<group>"; };
		32B095F91F4157CB0076096D /* ViewController.m */ = {isa = PBXFileReference; fileEncoding = 4; lastKnownFileType = sourcecode.c.objc; path = ViewController.m; sourceTree = "<group>"; };
		32B096111F4157F40076096D /* UIView+BMExtension.h */ = {isa = PBXFileReference; fileEncoding = 4; lastKnownFileType = sourcecode.c.h; path = "UIView+BMExtension.h"; sourceTree = "<group>"; };
		32B096121F4157F40076096D /* UIView+BMExtension.m */ = {isa = PBXFileReference; fileEncoding = 4; lastKnownFileType = sourcecode.c.objc; path = "UIView+BMExtension.m"; sourceTree = "<group>"; };
		32B096751F41584C0076096D /* UIScrollView+BMExtension.h */ = {isa = PBXFileReference; fileEncoding = 4; lastKnownFileType = sourcecode.c.h; path = "UIScrollView+BMExtension.h"; sourceTree = "<group>"; };
		32B096761F41584C0076096D /* UIScrollView+BMExtension.m */ = {isa = PBXFileReference; fileEncoding = 4; lastKnownFileType = sourcecode.c.objc; path = "UIScrollView+BMExtension.m"; sourceTree = "<group>"; };
		32B096791F4159B60076096D /* BMChatInputView.h */ = {isa = PBXFileReference; fileEncoding = 4; lastKnownFileType = sourcecode.c.h; path = BMChatInputView.h; sourceTree = "<group>"; };
		32B0967A1F4159B60076096D /* BMChatInputView.m */ = {isa = PBXFileReference; fileEncoding = 4; lastKnownFileType = sourcecode.c.objc; path = BMChatInputView.m; sourceTree = "<group>"; };
		32B0967B1F4159B60076096D /* BMChatInputView.xib */ = {isa = PBXFileReference; fileEncoding = 4; lastKnownFileType = file.xib; path = BMChatInputView.xib; sourceTree = "<group>"; };
		32B0967D1F4159B60076096D /* BMOneCell.h */ = {isa = PBXFileReference; fileEncoding = 4; lastKnownFileType = sourcecode.c.h; path = BMOneCell.h; sourceTree = "<group>"; };
		32B0967E1F4159B60076096D /* BMOneCell.m */ = {isa = PBXFileReference; fileEncoding = 4; lastKnownFileType = sourcecode.c.objc; path = BMOneCell.m; sourceTree = "<group>"; };
		32B0967F1F4159B60076096D /* BMOneCell.xib */ = {isa = PBXFileReference; fileEncoding = 4; lastKnownFileType = file.xib; path = BMOneCell.xib; sourceTree = "<group>"; };
		32B096811F4159B60076096D /* TableViewCell.h */ = {isa = PBXFileReference; fileEncoding = 4; lastKnownFileType = sourcecode.c.h; path = TableViewCell.h; sourceTree = "<group>"; };
		32B096821F4159B60076096D /* TableViewCell.m */ = {isa = PBXFileReference; fileEncoding = 4; lastKnownFileType = sourcecode.c.objc; path = TableViewCell.m; sourceTree = "<group>"; };
		32B096831F4159B60076096D /* TableViewCell.xib */ = {isa = PBXFileReference; fileEncoding = 4; lastKnownFileType = file.xib; path = TableViewCell.xib; sourceTree = "<group>"; };
		32B0968C1F4159DC0076096D /* MASCompositeConstraint.h */ = {isa = PBXFileReference; fileEncoding = 4; lastKnownFileType = sourcecode.c.h; path = MASCompositeConstraint.h; sourceTree = "<group>"; };
		32B0968D1F4159DC0076096D /* MASCompositeConstraint.m */ = {isa = PBXFileReference; fileEncoding = 4; lastKnownFileType = sourcecode.c.objc; path = MASCompositeConstraint.m; sourceTree = "<group>"; };
		32B0968E1F4159DC0076096D /* MASConstraint+Private.h */ = {isa = PBXFileReference; fileEncoding = 4; lastKnownFileType = sourcecode.c.h; path = "MASConstraint+Private.h"; sourceTree = "<group>"; };
		32B0968F1F4159DC0076096D /* MASConstraint.h */ = {isa = PBXFileReference; fileEncoding = 4; lastKnownFileType = sourcecode.c.h; path = MASConstraint.h; sourceTree = "<group>"; };
		32B096901F4159DC0076096D /* MASConstraint.m */ = {isa = PBXFileReference; fileEncoding = 4; lastKnownFileType = sourcecode.c.objc; path = MASConstraint.m; sourceTree = "<group>"; };
		32B096911F4159DC0076096D /* MASConstraintMaker.h */ = {isa = PBXFileReference; fileEncoding = 4; lastKnownFileType = sourcecode.c.h; path = MASConstraintMaker.h; sourceTree = "<group>"; };
		32B096921F4159DC0076096D /* MASConstraintMaker.m */ = {isa = PBXFileReference; fileEncoding = 4; lastKnownFileType = sourcecode.c.objc; path = MASConstraintMaker.m; sourceTree = "<group>"; };
		32B096931F4159DC0076096D /* MASLayoutConstraint.h */ = {isa = PBXFileReference; fileEncoding = 4; lastKnownFileType = sourcecode.c.h; path = MASLayoutConstraint.h; sourceTree = "<group>"; };
		32B096941F4159DC0076096D /* MASLayoutConstraint.m */ = {isa = PBXFileReference; fileEncoding = 4; lastKnownFileType = sourcecode.c.objc; path = MASLayoutConstraint.m; sourceTree = "<group>"; };
		32B096951F4159DC0076096D /* Masonry.h */ = {isa = PBXFileReference; fileEncoding = 4; lastKnownFileType = sourcecode.c.h; path = Masonry.h; sourceTree = "<group>"; };
		32B096961F4159DC0076096D /* MASUtilities.h */ = {isa = PBXFileReference; fileEncoding = 4; lastKnownFileType = sourcecode.c.h; path = MASUtilities.h; sourceTree = "<group>"; };
		32B096971F4159DC0076096D /* MASViewAttribute.h */ = {isa = PBXFileReference; fileEncoding = 4; lastKnownFileType = sourcecode.c.h; path = MASViewAttribute.h; sourceTree = "<group>"; };
		32B096981F4159DC0076096D /* MASViewAttribute.m */ = {isa = PBXFileReference; fileEncoding = 4; lastKnownFileType = sourcecode.c.objc; path = MASViewAttribute.m; sourceTree = "<group>"; };
		32B096991F4159DC0076096D /* MASViewConstraint.h */ = {isa = PBXFileReference; fileEncoding = 4; lastKnownFileType = sourcecode.c.h; path = MASViewConstraint.h; sourceTree = "<group>"; };
		32B0969A1F4159DC0076096D /* MASViewConstraint.m */ = {isa = PBXFileReference; fileEncoding = 4; lastKnownFileType = sourcecode.c.objc; path = MASViewConstraint.m; sourceTree = "<group>"; };
		32B0969B1F4159DC0076096D /* NSArray+MASAdditions.h */ = {isa = PBXFileReference; fileEncoding = 4; lastKnownFileType = sourcecode.c.h; path = "NSArray+MASAdditions.h"; sourceTree = "<group>"; };
		32B0969C1F4159DC0076096D /* NSArray+MASAdditions.m */ = {isa = PBXFileReference; fileEncoding = 4; lastKnownFileType = sourcecode.c.objc; path = "NSArray+MASAdditions.m"; sourceTree = "<group>"; };
		32B0969D1F4159DC0076096D /* NSArray+MASShorthandAdditions.h */ = {isa = PBXFileReference; fileEncoding = 4; lastKnownFileType = sourcecode.c.h; path = "NSArray+MASShorthandAdditions.h"; sourceTree = "<group>"; };
		32B0969E1F4159DC0076096D /* NSLayoutConstraint+MASDebugAdditions.h */ = {isa = PBXFileReference; fileEncoding = 4; lastKnownFileType = sourcecode.c.h; path = "NSLayoutConstraint+MASDebugAdditions.h"; sourceTree = "<group>"; };
		32B0969F1F4159DC0076096D /* NSLayoutConstraint+MASDebugAdditions.m */ = {isa = PBXFileReference; fileEncoding = 4; lastKnownFileType = sourcecode.c.objc; path = "NSLayoutConstraint+MASDebugAdditions.m"; sourceTree = "<group>"; };
		32B096A01F4159DC0076096D /* View+MASAdditions.h */ = {isa = PBXFileReference; fileEncoding = 4; lastKnownFileType = sourcecode.c.h; path = "View+MASAdditions.h"; sourceTree = "<group>"; };
		32B096A11F4159DC0076096D /* View+MASAdditions.m */ = {isa = PBXFileReference; fileEncoding = 4; lastKnownFileType = sourcecode.c.objc; path = "View+MASAdditions.m"; sourceTree = "<group>"; };
		32B096A21F4159DC0076096D /* View+MASShorthandAdditions.h */ = {isa = PBXFileReference; fileEncoding = 4; lastKnownFileType = sourcecode.c.h; path = "View+MASShorthandAdditions.h"; sourceTree = "<group>"; };
		32B096A31F4159DC0076096D /* ViewController+MASAdditions.h */ = {isa = PBXFileReference; fileEncoding = 4; lastKnownFileType = sourcecode.c.h; path = "ViewController+MASAdditions.h"; sourceTree = "<group>"; };
		32B096A41F4159DC0076096D /* ViewController+MASAdditions.m */ = {isa = PBXFileReference; fileEncoding = 4; lastKnownFileType = sourcecode.c.objc; path = "ViewController+MASAdditions.m"; sourceTree = "<group>"; };
		32B096A61F4159DC0076096D /* XXNibBridge.h */ = {isa = PBXFileReference; fileEncoding = 4; lastKnownFileType = sourcecode.c.h; path = XXNibBridge.h; sourceTree = "<group>"; };
		32B096A71F4159DC0076096D /* XXNibBridge.m */ = {isa = PBXFileReference; fileEncoding = 4; lastKnownFileType = sourcecode.c.objc; path = XXNibBridge.m; sourceTree = "<group>"; };
		32B096A81F4159DC0076096D /* XXNibConvention.h */ = {isa = PBXFileReference; fileEncoding = 4; lastKnownFileType = sourcecode.c.h; path = XXNibConvention.h; sourceTree = "<group>"; };
		32B096A91F4159DC0076096D /* XXNibConvention.m */ = {isa = PBXFileReference; fileEncoding = 4; lastKnownFileType = sourcecode.c.objc; path = XXNibConvention.m; sourceTree = "<group>"; };
		32B096B71F416C2C0076096D /* BMTwoCell.h */ = {isa = PBXFileReference; fileEncoding = 4; lastKnownFileType = sourcecode.c.h; path = BMTwoCell.h; sourceTree = "<group>"; };
		32B096B81F416C2C0076096D /* BMTwoCell.m */ = {isa = PBXFileReference; fileEncoding = 4; lastKnownFileType = sourcecode.c.objc; path = BMTwoCell.m; sourceTree = "<group>"; };
		32B096B91F416C2C0076096D /* BMTwoCell.xib */ = {isa = PBXFileReference; fileEncoding = 4; lastKnownFileType = file.xib; path = BMTwoCell.xib; sourceTree = "<group>"; };
		32B098121F416DCA0076096D /* BMImageViewCell.h */ = {isa = PBXFileReference; fileEncoding = 4; lastKnownFileType = sourcecode.c.h; path = BMImageViewCell.h; sourceTree = "<group>"; };
		32B098131F416DCA0076096D /* BMImageViewCell.m */ = {isa = PBXFileReference; fileEncoding = 4; lastKnownFileType = sourcecode.c.objc; path = BMImageViewCell.m; sourceTree = "<group>"; };
		32B098141F416DCA0076096D /* BMImageViewCell.xib */ = {isa = PBXFileReference; fileEncoding = 4; lastKnownFileType = file.xib; path = BMImageViewCell.xib; sourceTree = "<group>"; };
		32B098181F416ED90076096D /* 001@2x.png */ = {isa = PBXFileReference; lastKnownFileType = image.png; path = "001@2x.png"; sourceTree = "<group>"; };
		32B098191F416ED90076096D /* 002@2x.png */ = {isa = PBXFileReference; lastKnownFileType = image.png; path = "002@2x.png"; sourceTree = "<group>"; };
		32B0981A1F416ED90076096D /* 003@2x.png */ = {isa = PBXFileReference; lastKnownFileType = image.png; path = "003@2x.png"; sourceTree = "<group>"; };
/* End PBXFileReference section */

/* Begin PBXFrameworksBuildPhase section */
		3259ABBF1F41571800B250DA /* Frameworks */ = {
			isa = PBXFrameworksBuildPhase;
			buildActionMask = 2147483647;
			files = (
			);
			runOnlyForDeploymentPostprocessing = 0;
		};
		3259ABD81F41571800B250DA /* Frameworks */ = {
			isa = PBXFrameworksBuildPhase;
			buildActionMask = 2147483647;
			files = (
			);
			runOnlyForDeploymentPostprocessing = 0;
		};
		3259ABE31F41571800B250DA /* Frameworks */ = {
			isa = PBXFrameworksBuildPhase;
			buildActionMask = 2147483647;
			files = (
			);
			runOnlyForDeploymentPostprocessing = 0;
		};
/* End PBXFrameworksBuildPhase section */

/* Begin PBXGroup section */
		3259ABB91F41571800B250DA = {
			isa = PBXGroup;
			children = (
				32B095C31F4157900076096D /* BMTemplateLayoutCell */,
				3259ABC41F41571800B250DA /* BMTemplateLayoutCellDemo */,
				3259ABDE1F41571800B250DA /* BMTemplateLayoutCellDemoTests */,
				3259ABE91F41571800B250DA /* BMTemplateLayoutCellDemoUITests */,
				3259ABC31F41571800B250DA /* Products */,
			);
			sourceTree = "<group>";
		};
		3259ABC31F41571800B250DA /* Products */ = {
			isa = PBXGroup;
			children = (
				3259ABC21F41571800B250DA /* BMTemplateLayoutCellDemo.app */,
				3259ABDB1F41571800B250DA /* BMTemplateLayoutCellDemoTests.xctest */,
				3259ABE61F41571800B250DA /* BMTemplateLayoutCellDemoUITests.xctest */,
			);
			name = Products;
			sourceTree = "<group>";
		};
		3259ABC41F41571800B250DA /* BMTemplateLayoutCellDemo */ = {
			isa = PBXGroup;
			children = (
				32B098171F416ED90076096D /* res */,
				32B095B41F41577F0076096D /* AppDelegate */,
				32B095B91F41577F0076096D /* Classs */,
				32B0968A1F4159DC0076096D /* Lib */,
				32B0960E1F4157F40076096D /* Category */,
				3259ABCE1F41571800B250DA /* Main.storyboard */,
				3259ABD11F41571800B250DA /* Assets.xcassets */,
				3259ABD31F41571800B250DA /* LaunchScreen.storyboard */,
				3259ABD61F41571800B250DA /* Info.plist */,
				3259ABC51F41571800B250DA /* Supporting Files */,
			);
			path = BMTemplateLayoutCellDemo;
			sourceTree = "<group>";
		};
		3259ABC51F41571800B250DA /* Supporting Files */ = {
			isa = PBXGroup;
			children = (
			);
			name = "Supporting Files";
			sourceTree = "<group>";
		};
		3259ABDE1F41571800B250DA /* BMTemplateLayoutCellDemoTests */ = {
			isa = PBXGroup;
			children = (
				3259ABDF1F41571800B250DA /* BMTemplateLayoutCellDemoTests.m */,
				3259ABE11F41571800B250DA /* Info.plist */,
			);
			path = BMTemplateLayoutCellDemoTests;
			sourceTree = "<group>";
		};
		3259ABE91F41571800B250DA /* BMTemplateLayoutCellDemoUITests */ = {
			isa = PBXGroup;
			children = (
				3259ABEA1F41571800B250DA /* BMTemplateLayoutCellDemoUITests.m */,
				3259ABEC1F41571800B250DA /* Info.plist */,
			);
			path = BMTemplateLayoutCellDemoUITests;
			sourceTree = "<group>";
		};
		32B095B41F41577F0076096D /* AppDelegate */ = {
			isa = PBXGroup;
			children = (
				32B095B51F41577F0076096D /* AppDelegate.h */,
				32B095B61F41577F0076096D /* AppDelegate.m */,
				32B095B71F41577F0076096D /* main.m */,
			);
			path = AppDelegate;
			sourceTree = "<group>";
		};
		32B095B91F41577F0076096D /* Classs */ = {
			isa = PBXGroup;
			children = (
				32B095F71F4157CB0076096D /* Controller */,
				32B095FA1F4157CB0076096D /* Model */,
				32B095FB1F4157CB0076096D /* View */,
			);
			path = Classs;
			sourceTree = "<group>";
		};
		32B095C31F4157900076096D /* BMTemplateLayoutCell */ = {
			isa = PBXGroup;
			children = (
				32B095C41F4157900076096D /* UITableView+BMTemplateLayoutCell.h */,
				32B095C51F4157900076096D /* UITableView+BMTemplateLayoutCell.m */,
			);
			name = BMTemplateLayoutCell;
			path = ../BMTemplateLayoutCell;
			sourceTree = "<group>";
		};
		32B095F71F4157CB0076096D /* Controller */ = {
			isa = PBXGroup;
			children = (
				32B095F81F4157CB0076096D /* ViewController.h */,
				32B095F91F4157CB0076096D /* ViewController.m */,
			);
			path = Controller;
			sourceTree = "<group>";
		};
		32B095FA1F4157CB0076096D /* Model */ = {
			isa = PBXGroup;
			children = (
			);
			path = Model;
			sourceTree = "<group>";
		};
		32B095FB1F4157CB0076096D /* View */ = {
			isa = PBXGroup;
			children = (
				32B098111F416DC00076096D /* BMImageViewCell */,
				32B096B61F416C1E0076096D /* BMTwoCell */,
				32B096781F4159B60076096D /* BMChatInputView */,
				32B0967C1F4159B60076096D /* BMOneCell */,
				32B096801F4159B60076096D /* TableViewCell */,
			);
			path = View;
			sourceTree = "<group>";
		};
		32B0960E1F4157F40076096D /* Category */ = {
			isa = PBXGroup;
			children = (
				32B096111F4157F40076096D /* UIView+BMExtension.h */,
				32B096121F4157F40076096D /* UIView+BMExtension.m */,
				32B096751F41584C0076096D /* UIScrollView+BMExtension.h */,
				32B096761F41584C0076096D /* UIScrollView+BMExtension.m */,
			);
			path = Category;
			sourceTree = "<group>";
		};
		32B096781F4159B60076096D /* BMChatInputView */ = {
			isa = PBXGroup;
			children = (
				32B096791F4159B60076096D /* BMChatInputView.h */,
				32B0967A1F4159B60076096D /* BMChatInputView.m */,
				32B0967B1F4159B60076096D /* BMChatInputView.xib */,
			);
			path = BMChatInputView;
			sourceTree = "<group>";
		};
		32B0967C1F4159B60076096D /* BMOneCell */ = {
			isa = PBXGroup;
			children = (
				32B0967D1F4159B60076096D /* BMOneCell.h */,
				32B0967E1F4159B60076096D /* BMOneCell.m */,
				32B0967F1F4159B60076096D /* BMOneCell.xib */,
			);
			path = BMOneCell;
			sourceTree = "<group>";
		};
		32B096801F4159B60076096D /* TableViewCell */ = {
			isa = PBXGroup;
			children = (
				32B096811F4159B60076096D /* TableViewCell.h */,
				32B096821F4159B60076096D /* TableViewCell.m */,
				32B096831F4159B60076096D /* TableViewCell.xib */,
			);
			path = TableViewCell;
			sourceTree = "<group>";
		};
		32B0968A1F4159DC0076096D /* Lib */ = {
			isa = PBXGroup;
			children = (
				32B0968B1F4159DC0076096D /* Masonry */,
				32B096A51F4159DC0076096D /* XXNibBridge */,
			);
			path = Lib;
			sourceTree = "<group>";
		};
		32B0968B1F4159DC0076096D /* Masonry */ = {
			isa = PBXGroup;
			children = (
				32B0968C1F4159DC0076096D /* MASCompositeConstraint.h */,
				32B0968D1F4159DC0076096D /* MASCompositeConstraint.m */,
				32B0968E1F4159DC0076096D /* MASConstraint+Private.h */,
				32B0968F1F4159DC0076096D /* MASConstraint.h */,
				32B096901F4159DC0076096D /* MASConstraint.m */,
				32B096911F4159DC0076096D /* MASConstraintMaker.h */,
				32B096921F4159DC0076096D /* MASConstraintMaker.m */,
				32B096931F4159DC0076096D /* MASLayoutConstraint.h */,
				32B096941F4159DC0076096D /* MASLayoutConstraint.m */,
				32B096951F4159DC0076096D /* Masonry.h */,
				32B096961F4159DC0076096D /* MASUtilities.h */,
				32B096971F4159DC0076096D /* MASViewAttribute.h */,
				32B096981F4159DC0076096D /* MASViewAttribute.m */,
				32B096991F4159DC0076096D /* MASViewConstraint.h */,
				32B0969A1F4159DC0076096D /* MASViewConstraint.m */,
				32B0969B1F4159DC0076096D /* NSArray+MASAdditions.h */,
				32B0969C1F4159DC0076096D /* NSArray+MASAdditions.m */,
				32B0969D1F4159DC0076096D /* NSArray+MASShorthandAdditions.h */,
				32B0969E1F4159DC0076096D /* NSLayoutConstraint+MASDebugAdditions.h */,
				32B0969F1F4159DC0076096D /* NSLayoutConstraint+MASDebugAdditions.m */,
				32B096A01F4159DC0076096D /* View+MASAdditions.h */,
				32B096A11F4159DC0076096D /* View+MASAdditions.m */,
				32B096A21F4159DC0076096D /* View+MASShorthandAdditions.h */,
				32B096A31F4159DC0076096D /* ViewController+MASAdditions.h */,
				32B096A41F4159DC0076096D /* ViewController+MASAdditions.m */,
			);
			path = Masonry;
			sourceTree = "<group>";
		};
		32B096A51F4159DC0076096D /* XXNibBridge */ = {
			isa = PBXGroup;
			children = (
				32B096A61F4159DC0076096D /* XXNibBridge.h */,
				32B096A71F4159DC0076096D /* XXNibBridge.m */,
				32B096A81F4159DC0076096D /* XXNibConvention.h */,
				32B096A91F4159DC0076096D /* XXNibConvention.m */,
			);
			path = XXNibBridge;
			sourceTree = "<group>";
		};
		32B096B61F416C1E0076096D /* BMTwoCell */ = {
			isa = PBXGroup;
			children = (
				32B096B71F416C2C0076096D /* BMTwoCell.h */,
				32B096B81F416C2C0076096D /* BMTwoCell.m */,
				32B096B91F416C2C0076096D /* BMTwoCell.xib */,
			);
			path = BMTwoCell;
			sourceTree = "<group>";
		};
		32B098111F416DC00076096D /* BMImageViewCell */ = {
			isa = PBXGroup;
			children = (
				32B098121F416DCA0076096D /* BMImageViewCell.h */,
				32B098131F416DCA0076096D /* BMImageViewCell.m */,
				32B098141F416DCA0076096D /* BMImageViewCell.xib */,
			);
			path = BMImageViewCell;
			sourceTree = "<group>";
		};
		32B098171F416ED90076096D /* res */ = {
			isa = PBXGroup;
			children = (
				32B098181F416ED90076096D /* 001@2x.png */,
				32B098191F416ED90076096D /* 002@2x.png */,
				32B0981A1F416ED90076096D /* 003@2x.png */,
			);
			path = res;
			sourceTree = "<group>";
		};
/* End PBXGroup section */

/* Begin PBXNativeTarget section */
		3259ABC11F41571800B250DA /* BMTemplateLayoutCellDemo */ = {
			isa = PBXNativeTarget;
			buildConfigurationList = 3259ABEF1F41571800B250DA /* Build configuration list for PBXNativeTarget "BMTemplateLayoutCellDemo" */;
			buildPhases = (
				3259ABBE1F41571800B250DA /* Sources */,
				3259ABBF1F41571800B250DA /* Frameworks */,
				3259ABC01F41571800B250DA /* Resources */,
			);
			buildRules = (
			);
			dependencies = (
			);
			name = BMTemplateLayoutCellDemo;
			productName = BMTemplateLayoutCellDemo;
			productReference = 3259ABC21F41571800B250DA /* BMTemplateLayoutCellDemo.app */;
			productType = "com.apple.product-type.application";
		};
		3259ABDA1F41571800B250DA /* BMTemplateLayoutCellDemoTests */ = {
			isa = PBXNativeTarget;
			buildConfigurationList = 3259ABF21F41571800B250DA /* Build configuration list for PBXNativeTarget "BMTemplateLayoutCellDemoTests" */;
			buildPhases = (
				3259ABD71F41571800B250DA /* Sources */,
				3259ABD81F41571800B250DA /* Frameworks */,
				3259ABD91F41571800B250DA /* Resources */,
			);
			buildRules = (
			);
			dependencies = (
				3259ABDD1F41571800B250DA /* PBXTargetDependency */,
			);
			name = BMTemplateLayoutCellDemoTests;
			productName = BMTemplateLayoutCellDemoTests;
			productReference = 3259ABDB1F41571800B250DA /* BMTemplateLayoutCellDemoTests.xctest */;
			productType = "com.apple.product-type.bundle.unit-test";
		};
		3259ABE51F41571800B250DA /* BMTemplateLayoutCellDemoUITests */ = {
			isa = PBXNativeTarget;
			buildConfigurationList = 3259ABF51F41571800B250DA /* Build configuration list for PBXNativeTarget "BMTemplateLayoutCellDemoUITests" */;
			buildPhases = (
				3259ABE21F41571800B250DA /* Sources */,
				3259ABE31F41571800B250DA /* Frameworks */,
				3259ABE41F41571800B250DA /* Resources */,
			);
			buildRules = (
			);
			dependencies = (
				3259ABE81F41571800B250DA /* PBXTargetDependency */,
			);
			name = BMTemplateLayoutCellDemoUITests;
			productName = BMTemplateLayoutCellDemoUITests;
			productReference = 3259ABE61F41571800B250DA /* BMTemplateLayoutCellDemoUITests.xctest */;
			productType = "com.apple.product-type.bundle.ui-testing";
		};
/* End PBXNativeTarget section */

/* Begin PBXProject section */
		3259ABBA1F41571800B250DA /* Project object */ = {
			isa = PBXProject;
			attributes = {
				LastUpgradeCheck = 0830;
				ORGANIZATIONNAME = "___liangdahong";
				TargetAttributes = {
					3259ABC11F41571800B250DA = {
						CreatedOnToolsVersion = 8.3.3;
						DevelopmentTeam = 8RB35RM424;
						ProvisioningStyle = Automatic;
					};
					3259ABDA1F41571800B250DA = {
						CreatedOnToolsVersion = 8.3.3;
						DevelopmentTeam = 8RB35RM424;
						ProvisioningStyle = Automatic;
						TestTargetID = 3259ABC11F41571800B250DA;
					};
					3259ABE51F41571800B250DA = {
						CreatedOnToolsVersion = 8.3.3;
						DevelopmentTeam = 8RB35RM424;
						ProvisioningStyle = Automatic;
						TestTargetID = 3259ABC11F41571800B250DA;
					};
				};
			};
			buildConfigurationList = 3259ABBD1F41571800B250DA /* Build configuration list for PBXProject "BMTemplateLayoutCellDemo" */;
			compatibilityVersion = "Xcode 3.2";
			developmentRegion = English;
			hasScannedForEncodings = 0;
			knownRegions = (
				en,
				Base,
			);
			mainGroup = 3259ABB91F41571800B250DA;
			productRefGroup = 3259ABC31F41571800B250DA /* Products */;
			projectDirPath = "";
			projectRoot = "";
			targets = (
				3259ABC11F41571800B250DA /* BMTemplateLayoutCellDemo */,
				3259ABDA1F41571800B250DA /* BMTemplateLayoutCellDemoTests */,
				3259ABE51F41571800B250DA /* BMTemplateLayoutCellDemoUITests */,
			);
		};
/* End PBXProject section */

/* Begin PBXResourcesBuildPhase section */
		3259ABC01F41571800B250DA /* Resources */ = {
			isa = PBXResourcesBuildPhase;
			buildActionMask = 2147483647;
			files = (
				32B098161F416DCA0076096D /* BMImageViewCell.xib in Resources */,
				32B096851F4159B60076096D /* BMChatInputView.xib in Resources */,
				3259ABD51F41571800B250DA /* LaunchScreen.storyboard in Resources */,
				32B0981D1F416ED90076096D /* 003@2x.png in Resources */,
				32B0981C1F416ED90076096D /* 002@2x.png in Resources */,
				32B096BB1F416C2C0076096D /* BMTwoCell.xib in Resources */,
				32B096891F4159B60076096D /* TableViewCell.xib in Resources */,
				3259ABD21F41571800B250DA /* Assets.xcassets in Resources */,
				3259ABD01F41571800B250DA /* Main.storyboard in Resources */,
				32B0981B1F416ED90076096D /* 001@2x.png in Resources */,
				32B096871F4159B60076096D /* BMOneCell.xib in Resources */,
			);
			runOnlyForDeploymentPostprocessing = 0;
		};
		3259ABD91F41571800B250DA /* Resources */ = {
			isa = PBXResourcesBuildPhase;
			buildActionMask = 2147483647;
			files = (
			);
			runOnlyForDeploymentPostprocessing = 0;
		};
		3259ABE41F41571800B250DA /* Resources */ = {
			isa = PBXResourcesBuildPhase;
			buildActionMask = 2147483647;
			files = (
			);
			runOnlyForDeploymentPostprocessing = 0;
		};
/* End PBXResourcesBuildPhase section */

/* Begin PBXSourcesBuildPhase section */
		3259ABBE1F41571800B250DA /* Sources */ = {
			isa = PBXSourcesBuildPhase;
			buildActionMask = 2147483647;
			files = (
				32B096B01F4159DC0076096D /* NSArray+MASAdditions.m in Sources */,
				32B095BD1F41577F0076096D /* main.m in Sources */,
				32B096B11F4159DC0076096D /* NSLayoutConstraint+MASDebugAdditions.m in Sources */,
				32B096141F4157F40076096D /* UIView+BMExtension.m in Sources */,
				32B096AC1F4159DC0076096D /* MASConstraintMaker.m in Sources */,
				32B096B21F4159DC0076096D /* View+MASAdditions.m in Sources */,
				32B096AB1F4159DC0076096D /* MASConstraint.m in Sources */,
				32B096AF1F4159DC0076096D /* MASViewConstraint.m in Sources */,
				32B096771F41584C0076096D /* UIScrollView+BMExtension.m in Sources */,
				32B096BA1F416C2C0076096D /* BMTwoCell.m in Sources */,
				32B096071F4157CB0076096D /* ViewController.m in Sources */,
				32B096861F4159B60076096D /* BMOneCell.m in Sources */,
				32B096881F4159B60076096D /* TableViewCell.m in Sources */,
				32B096B31F4159DC0076096D /* ViewController+MASAdditions.m in Sources */,
				32B096AD1F4159DC0076096D /* MASLayoutConstraint.m in Sources */,
				32B096AA1F4159DC0076096D /* MASCompositeConstraint.m in Sources */,
				32B096B51F4159DC0076096D /* XXNibConvention.m in Sources */,
				32B095C61F4157900076096D /* UITableView+BMTemplateLayoutCell.m in Sources */,
				32B095BC1F41577F0076096D /* AppDelegate.m in Sources */,
				32B096841F4159B60076096D /* BMChatInputView.m in Sources */,
				32B098151F416DCA0076096D /* BMImageViewCell.m in Sources */,
				32B096B41F4159DC0076096D /* XXNibBridge.m in Sources */,
				32B096AE1F4159DC0076096D /* MASViewAttribute.m in Sources */,
			);
			runOnlyForDeploymentPostprocessing = 0;
		};
		3259ABD71F41571800B250DA /* Sources */ = {
			isa = PBXSourcesBuildPhase;
			buildActionMask = 2147483647;
			files = (
				3259ABE01F41571800B250DA /* BMTemplateLayoutCellDemoTests.m in Sources */,
			);
			runOnlyForDeploymentPostprocessing = 0;
		};
		3259ABE21F41571800B250DA /* Sources */ = {
			isa = PBXSourcesBuildPhase;
			buildActionMask = 2147483647;
			files = (
				3259ABEB1F41571800B250DA /* BMTemplateLayoutCellDemoUITests.m in Sources */,
			);
			runOnlyForDeploymentPostprocessing = 0;
		};
/* End PBXSourcesBuildPhase section */

/* Begin PBXTargetDependency section */
		3259ABDD1F41571800B250DA /* PBXTargetDependency */ = {
			isa = PBXTargetDependency;
			target = 3259ABC11F41571800B250DA /* BMTemplateLayoutCellDemo */;
			targetProxy = 3259ABDC1F41571800B250DA /* PBXContainerItemProxy */;
		};
		3259ABE81F41571800B250DA /* PBXTargetDependency */ = {
			isa = PBXTargetDependency;
			target = 3259ABC11F41571800B250DA /* BMTemplateLayoutCellDemo */;
			targetProxy = 3259ABE71F41571800B250DA /* PBXContainerItemProxy */;
		};
/* End PBXTargetDependency section */

/* Begin PBXVariantGroup section */
		3259ABCE1F41571800B250DA /* Main.storyboard */ = {
			isa = PBXVariantGroup;
			children = (
				3259ABCF1F41571800B250DA /* Base */,
			);
			name = Main.storyboard;
			sourceTree = "<group>";
		};
		3259ABD31F41571800B250DA /* LaunchScreen.storyboard */ = {
			isa = PBXVariantGroup;
			children = (
				3259ABD41F41571800B250DA /* Base */,
			);
			name = LaunchScreen.storyboard;
			sourceTree = "<group>";
		};
/* End PBXVariantGroup section */

/* Begin XCBuildConfiguration section */
		3259ABED1F41571800B250DA /* Debug */ = {
			isa = XCBuildConfiguration;
			buildSettings = {
				ALWAYS_SEARCH_USER_PATHS = NO;
				CLANG_ANALYZER_NONNULL = YES;
				CLANG_ANALYZER_NUMBER_OBJECT_CONVERSION = YES_AGGRESSIVE;
				CLANG_CXX_LANGUAGE_STANDARD = "gnu++0x";
				CLANG_CXX_LIBRARY = "libc++";
				CLANG_ENABLE_MODULES = YES;
				CLANG_ENABLE_OBJC_ARC = YES;
				CLANG_WARN_BOOL_CONVERSION = YES;
				CLANG_WARN_CONSTANT_CONVERSION = YES;
				CLANG_WARN_DIRECT_OBJC_ISA_USAGE = YES_ERROR;
				CLANG_WARN_DOCUMENTATION_COMMENTS = YES;
				CLANG_WARN_EMPTY_BODY = YES;
				CLANG_WARN_ENUM_CONVERSION = YES;
				CLANG_WARN_INFINITE_RECURSION = YES;
				CLANG_WARN_INT_CONVERSION = YES;
				CLANG_WARN_OBJC_ROOT_CLASS = YES_ERROR;
				CLANG_WARN_SUSPICIOUS_MOVE = YES;
				CLANG_WARN_UNREACHABLE_CODE = YES;
				CLANG_WARN__DUPLICATE_METHOD_MATCH = YES;
				"CODE_SIGN_IDENTITY[sdk=iphoneos*]" = "iPhone Developer";
				COPY_PHASE_STRIP = NO;
				DEBUG_INFORMATION_FORMAT = dwarf;
				ENABLE_STRICT_OBJC_MSGSEND = YES;
				ENABLE_TESTABILITY = YES;
				GCC_C_LANGUAGE_STANDARD = gnu99;
				GCC_DYNAMIC_NO_PIC = NO;
				GCC_NO_COMMON_BLOCKS = YES;
				GCC_OPTIMIZATION_LEVEL = 0;
				GCC_PREPROCESSOR_DEFINITIONS = (
					"DEBUG=1",
					"$(inherited)",
				);
				GCC_WARN_64_TO_32_BIT_CONVERSION = YES;
				GCC_WARN_ABOUT_RETURN_TYPE = YES_ERROR;
				GCC_WARN_UNDECLARED_SELECTOR = YES;
				GCC_WARN_UNINITIALIZED_AUTOS = YES_AGGRESSIVE;
				GCC_WARN_UNUSED_FUNCTION = YES;
				GCC_WARN_UNUSED_VARIABLE = YES;
				IPHONEOS_DEPLOYMENT_TARGET = 10.3;
				MTL_ENABLE_DEBUG_INFO = YES;
				ONLY_ACTIVE_ARCH = YES;
				SDKROOT = iphoneos;
				TARGETED_DEVICE_FAMILY = "1,2";
			};
			name = Debug;
		};
		3259ABEE1F41571800B250DA /* Release */ = {
			isa = XCBuildConfiguration;
			buildSettings = {
				ALWAYS_SEARCH_USER_PATHS = NO;
				CLANG_ANALYZER_NONNULL = YES;
				CLANG_ANALYZER_NUMBER_OBJECT_CONVERSION = YES_AGGRESSIVE;
				CLANG_CXX_LANGUAGE_STANDARD = "gnu++0x";
				CLANG_CXX_LIBRARY = "libc++";
				CLANG_ENABLE_MODULES = YES;
				CLANG_ENABLE_OBJC_ARC = YES;
				CLANG_WARN_BOOL_CONVERSION = YES;
				CLANG_WARN_CONSTANT_CONVERSION = YES;
				CLANG_WARN_DIRECT_OBJC_ISA_USAGE = YES_ERROR;
				CLANG_WARN_DOCUMENTATION_COMMENTS = YES;
				CLANG_WARN_EMPTY_BODY = YES;
				CLANG_WARN_ENUM_CONVERSION = YES;
				CLANG_WARN_INFINITE_RECURSION = YES;
				CLANG_WARN_INT_CONVERSION = YES;
				CLANG_WARN_OBJC_ROOT_CLASS = YES_ERROR;
				CLANG_WARN_SUSPICIOUS_MOVE = YES;
				CLANG_WARN_UNREACHABLE_CODE = YES;
				CLANG_WARN__DUPLICATE_METHOD_MATCH = YES;
				"CODE_SIGN_IDENTITY[sdk=iphoneos*]" = "iPhone Developer";
				COPY_PHASE_STRIP = NO;
				DEBUG_INFORMATION_FORMAT = "dwarf-with-dsym";
				ENABLE_NS_ASSERTIONS = NO;
				ENABLE_STRICT_OBJC_MSGSEND = YES;
				GCC_C_LANGUAGE_STANDARD = gnu99;
				GCC_NO_COMMON_BLOCKS = YES;
				GCC_WARN_64_TO_32_BIT_CONVERSION = YES;
				GCC_WARN_ABOUT_RETURN_TYPE = YES_ERROR;
				GCC_WARN_UNDECLARED_SELECTOR = YES;
				GCC_WARN_UNINITIALIZED_AUTOS = YES_AGGRESSIVE;
				GCC_WARN_UNUSED_FUNCTION = YES;
				GCC_WARN_UNUSED_VARIABLE = YES;
				IPHONEOS_DEPLOYMENT_TARGET = 10.3;
				MTL_ENABLE_DEBUG_INFO = NO;
				SDKROOT = iphoneos;
				TARGETED_DEVICE_FAMILY = "1,2";
				VALIDATE_PRODUCT = YES;
			};
			name = Release;
		};
		3259ABF01F41571800B250DA /* Debug */ = {
			isa = XCBuildConfiguration;
			buildSettings = {
				ASSETCATALOG_COMPILER_APPICON_NAME = AppIcon;
				DEVELOPMENT_TEAM = 8RB35RM424;
				INFOPLIST_FILE = BMTemplateLayoutCellDemo/Info.plist;
				LD_RUNPATH_SEARCH_PATHS = "$(inherited) @executable_path/Frameworks";
				PRODUCT_BUNDLE_IDENTIFIER = com.idhong.BMTemplateLayoutCellDemo;
				PRODUCT_NAME = "$(TARGET_NAME)";
			};
			name = Debug;
		};
		3259ABF11F41571800B250DA /* Release */ = {
			isa = XCBuildConfiguration;
			buildSettings = {
				ASSETCATALOG_COMPILER_APPICON_NAME = AppIcon;
				DEVELOPMENT_TEAM = 8RB35RM424;
				INFOPLIST_FILE = BMTemplateLayoutCellDemo/Info.plist;
				LD_RUNPATH_SEARCH_PATHS = "$(inherited) @executable_path/Frameworks";
				PRODUCT_BUNDLE_IDENTIFIER = com.idhong.BMTemplateLayoutCellDemo;
				PRODUCT_NAME = "$(TARGET_NAME)";
			};
			name = Release;
		};
		3259ABF31F41571800B250DA /* Debug */ = {
			isa = XCBuildConfiguration;
			buildSettings = {
				BUNDLE_LOADER = "$(TEST_HOST)";
				DEVELOPMENT_TEAM = 8RB35RM424;
				INFOPLIST_FILE = BMTemplateLayoutCellDemoTests/Info.plist;
				LD_RUNPATH_SEARCH_PATHS = "$(inherited) @executable_path/Frameworks @loader_path/Frameworks";
				PRODUCT_BUNDLE_IDENTIFIER = com.idhong.BMTemplateLayoutCellDemoTests;
				PRODUCT_NAME = "$(TARGET_NAME)";
				TEST_HOST = "$(BUILT_PRODUCTS_DIR)/BMTemplateLayoutCellDemo.app/BMTemplateLayoutCellDemo";
			};
			name = Debug;
		};
		3259ABF41F41571800B250DA /* Release */ = {
			isa = XCBuildConfiguration;
			buildSettings = {
				BUNDLE_LOADER = "$(TEST_HOST)";
				DEVELOPMENT_TEAM = 8RB35RM424;
				INFOPLIST_FILE = BMTemplateLayoutCellDemoTests/Info.plist;
				LD_RUNPATH_SEARCH_PATHS = "$(inherited) @executable_path/Frameworks @loader_path/Frameworks";
				PRODUCT_BUNDLE_IDENTIFIER = com.idhong.BMTemplateLayoutCellDemoTests;
				PRODUCT_NAME = "$(TARGET_NAME)";
				TEST_HOST = "$(BUILT_PRODUCTS_DIR)/BMTemplateLayoutCellDemo.app/BMTemplateLayoutCellDemo";
			};
			name = Release;
		};
		3259ABF61F41571800B250DA /* Debug */ = {
			isa = XCBuildConfiguration;
			buildSettings = {
				DEVELOPMENT_TEAM = 8RB35RM424;
				INFOPLIST_FILE = BMTemplateLayoutCellDemoUITests/Info.plist;
				LD_RUNPATH_SEARCH_PATHS = "$(inherited) @executable_path/Frameworks @loader_path/Frameworks";
				PRODUCT_BUNDLE_IDENTIFIER = com.idhong.BMTemplateLayoutCellDemoUITests;
				PRODUCT_NAME = "$(TARGET_NAME)";
				TEST_TARGET_NAME = BMTemplateLayoutCellDemo;
			};
			name = Debug;
		};
		3259ABF71F41571800B250DA /* Release */ = {
			isa = XCBuildConfiguration;
			buildSettings = {
				DEVELOPMENT_TEAM = 8RB35RM424;
				INFOPLIST_FILE = BMTemplateLayoutCellDemoUITests/Info.plist;
				LD_RUNPATH_SEARCH_PATHS = "$(inherited) @executable_path/Frameworks @loader_path/Frameworks";
				PRODUCT_BUNDLE_IDENTIFIER = com.idhong.BMTemplateLayoutCellDemoUITests;
				PRODUCT_NAME = "$(TARGET_NAME)";
				TEST_TARGET_NAME = BMTemplateLayoutCellDemo;
			};
			name = Release;
		};
/* End XCBuildConfiguration section */

/* Begin XCConfigurationList section */
		3259ABBD1F41571800B250DA /* Build configuration list for PBXProject "BMTemplateLayoutCellDemo" */ = {
			isa = XCConfigurationList;
			buildConfigurations = (
				3259ABED1F41571800B250DA /* Debug */,
				3259ABEE1F41571800B250DA /* Release */,
			);
			defaultConfigurationIsVisible = 0;
			defaultConfigurationName = Release;
		};
		3259ABEF1F41571800B250DA /* Build configuration list for PBXNativeTarget "BMTemplateLayoutCellDemo" */ = {
			isa = XCConfigurationList;
			buildConfigurations = (
				3259ABF01F41571800B250DA /* Debug */,
				3259ABF11F41571800B250DA /* Release */,
			);
			defaultConfigurationIsVisible = 0;
			defaultConfigurationName = Release;
		};
		3259ABF21F41571800B250DA /* Build configuration list for PBXNativeTarget "BMTemplateLayoutCellDemoTests" */ = {
			isa = XCConfigurationList;
			buildConfigurations = (
				3259ABF31F41571800B250DA /* Debug */,
				3259ABF41F41571800B250DA /* Release */,
			);
			defaultConfigurationIsVisible = 0;
			defaultConfigurationName = Release;
		};
		3259ABF51F41571800B250DA /* Build configuration list for PBXNativeTarget "BMTemplateLayoutCellDemoUITests" */ = {
			isa = XCConfigurationList;
			buildConfigurations = (
				3259ABF61F41571800B250DA /* Debug */,
				3259ABF71F41571800B250DA /* Release */,
			);
			defaultConfigurationIsVisible = 0;
			defaultConfigurationName = Release;
		};
/* End XCConfigurationList section */
	};
	rootObject = 3259ABBA1F41571800B250DA /* Project object */;
}
